// !$*UTF8*$!
{
	archiveVersion = 1;
	classes = {
	};
	objectVersion = 56;
	objects = {

/* Begin PBXBuildFile section */
		642CEB4B797396E6BC9C1072 /* Pods_InstantRecipeApp.framework in Frameworks */ = {isa = PBXBuildFile; fileRef = 82EEF4EC0BA20680E2EB6A1F /* Pods_InstantRecipeApp.framework */; };
		EC06B8B62B87D59C00905DAF /* IRACustomNavigationView.swift in Sources */ = {isa = PBXBuildFile; fileRef = EC06B8B52B87D59C00905DAF /* IRACustomNavigationView.swift */; };
		EC06B8B82B886E8E00905DAF /* IRAHomeView.swift in Sources */ = {isa = PBXBuildFile; fileRef = EC06B8B72B886E8E00905DAF /* IRAHomeView.swift */; };
		EC1B7E892B923D10005E0C30 /* Sliders in Frameworks */ = {isa = PBXBuildFile; productRef = EC1B7E882B923D10005E0C30 /* Sliders */; };
		EC1B7E8E2B92F1DF005E0C30 /* IRAUIColorExtension.swift in Sources */ = {isa = PBXBuildFile; fileRef = EC1B7E8D2B92F1DF005E0C30 /* IRAUIColorExtension.swift */; };
		EC1B7E912B939A3B005E0C30 /* IRAProfileImageView.swift in Sources */ = {isa = PBXBuildFile; fileRef = EC1B7E902B939A3B005E0C30 /* IRAProfileImageView.swift */; };
		EC466D192B8A6806009AE28D /* IRABackButtonView.swift in Sources */ = {isa = PBXBuildFile; fileRef = EC466D182B8A6806009AE28D /* IRABackButtonView.swift */; };
		EC86CE852B88AD60000EDCC0 /* IRASignUpView.swift in Sources */ = {isa = PBXBuildFile; fileRef = EC86CE842B88AD60000EDCC0 /* IRASignUpView.swift */; };
		EC86CE872B88ADB9000EDCC0 /* IRAForgotPasswordView.swift in Sources */ = {isa = PBXBuildFile; fileRef = EC86CE862B88ADB9000EDCC0 /* IRAForgotPasswordView.swift */; };
		EC86CE892B88ADD0000EDCC0 /* IRAOtpVerificationView.swift in Sources */ = {isa = PBXBuildFile; fileRef = EC86CE882B88ADD0000EDCC0 /* IRAOtpVerificationView.swift */; };
		EC86CE8B2B88AE0F000EDCC0 /* IRADashboardView.swift in Sources */ = {isa = PBXBuildFile; fileRef = EC86CE8A2B88AE0F000EDCC0 /* IRADashboardView.swift */; };
		EC86CE8D2B88CDC9000EDCC0 /* IRACustomHeaderView.swift in Sources */ = {isa = PBXBuildFile; fileRef = EC86CE8C2B88CDC9000EDCC0 /* IRACustomHeaderView.swift */; };
		EC86CE8F2B88D033000EDCC0 /* IRACustomTextFieldView.swift in Sources */ = {isa = PBXBuildFile; fileRef = EC86CE8E2B88D033000EDCC0 /* IRACustomTextFieldView.swift */; };
		EC97962F2B85D592002EFDC0 /* InstantRecipeAppApp.swift in Sources */ = {isa = PBXBuildFile; fileRef = EC97962E2B85D592002EFDC0 /* InstantRecipeAppApp.swift */; };
		EC9796312B85D592002EFDC0 /* ContentView.swift in Sources */ = {isa = PBXBuildFile; fileRef = EC9796302B85D592002EFDC0 /* ContentView.swift */; };
		EC9796332B85D594002EFDC0 /* Assets.xcassets in Resources */ = {isa = PBXBuildFile; fileRef = EC9796322B85D594002EFDC0 /* Assets.xcassets */; };
		EC9796362B85D594002EFDC0 /* Preview Assets.xcassets in Resources */ = {isa = PBXBuildFile; fileRef = EC9796352B85D594002EFDC0 /* Preview Assets.xcassets */; };
		EC9796382B85D594002EFDC0 /* Persistence.swift in Sources */ = {isa = PBXBuildFile; fileRef = EC9796372B85D594002EFDC0 /* Persistence.swift */; };
		EC97963B2B85D594002EFDC0 /* InstantRecipeApp.xcdatamodeld in Sources */ = {isa = PBXBuildFile; fileRef = EC9796392B85D594002EFDC0 /* InstantRecipeApp.xcdatamodeld */; };
		EC9796452B85D610002EFDC0 /* IRASignInView.swift in Sources */ = {isa = PBXBuildFile; fileRef = EC9796442B85D610002EFDC0 /* IRASignInView.swift */; };
		EC9796472B85D664002EFDC0 /* IRAAuthViewModel.swift in Sources */ = {isa = PBXBuildFile; fileRef = EC9796462B85D664002EFDC0 /* IRAAuthViewModel.swift */; };
		EC9796492B86710C002EFDC0 /* IRAOnboardingView.swift in Sources */ = {isa = PBXBuildFile; fileRef = EC9796482B86710C002EFDC0 /* IRAOnboardingView.swift */; };
		EC9D5B8F2B8C6E180040511C /* IRAOTPViewModel.swift in Sources */ = {isa = PBXBuildFile; fileRef = EC9D5B8E2B8C6E180040511C /* IRAOTPViewModel.swift */; };
		ECA157142B8E2C3A0031B57D /* IRAPasswordCriteriaListView.swift in Sources */ = {isa = PBXBuildFile; fileRef = ECA157132B8E2C3A0031B57D /* IRAPasswordCriteriaListView.swift */; };
		ECA157162B8E2C4C0031B57D /* IRAPasswordCriteriaItemView.swift in Sources */ = {isa = PBXBuildFile; fileRef = ECA157152B8E2C4C0031B57D /* IRAPasswordCriteriaItemView.swift */; };
		ECA157182B8E31BD0031B57D /* IRAResetPasswordView.swift in Sources */ = {isa = PBXBuildFile; fileRef = ECA157172B8E31BD0031B57D /* IRAResetPasswordView.swift */; };
		ECA1571A2B8E51360031B57D /* IRAProfileView.swift in Sources */ = {isa = PBXBuildFile; fileRef = ECA157192B8E51360031B57D /* IRAProfileView.swift */; };
		ECA1571C2B8E5CB70031B57D /* IRASearchView.swift in Sources */ = {isa = PBXBuildFile; fileRef = ECA1571B2B8E5CB70031B57D /* IRASearchView.swift */; };
		ECF8718F2B8BB129006D1027 /* IRACustomButton.swift in Sources */ = {isa = PBXBuildFile; fileRef = ECF8718E2B8BB129006D1027 /* IRACustomButton.swift */; };
		ECF871922B8BB7B9006D1027 /* OTPView in Frameworks */ = {isa = PBXBuildFile; productRef = ECF871912B8BB7B9006D1027 /* OTPView */; };
/* End PBXBuildFile section */

/* Begin PBXFileReference section */
		0601E419B496E778D07F50E5 /* Pods-InstantRecipeApp.release.xcconfig */ = {isa = PBXFileReference; includeInIndex = 1; lastKnownFileType = text.xcconfig; name = "Pods-InstantRecipeApp.release.xcconfig"; path = "Target Support Files/Pods-InstantRecipeApp/Pods-InstantRecipeApp.release.xcconfig"; sourceTree = "<group>"; };
		4D1587413A6F69ADEA4663BB /* Pods-InstantRecipeApp.debug.xcconfig */ = {isa = PBXFileReference; includeInIndex = 1; lastKnownFileType = text.xcconfig; name = "Pods-InstantRecipeApp.debug.xcconfig"; path = "Target Support Files/Pods-InstantRecipeApp/Pods-InstantRecipeApp.debug.xcconfig"; sourceTree = "<group>"; };
		82EEF4EC0BA20680E2EB6A1F /* Pods_InstantRecipeApp.framework */ = {isa = PBXFileReference; explicitFileType = wrapper.framework; includeInIndex = 0; path = Pods_InstantRecipeApp.framework; sourceTree = BUILT_PRODUCTS_DIR; };
		EC06B8B52B87D59C00905DAF /* IRACustomNavigationView.swift */ = {isa = PBXFileReference; lastKnownFileType = sourcecode.swift; path = IRACustomNavigationView.swift; sourceTree = "<group>"; };
		EC06B8B72B886E8E00905DAF /* IRAHomeView.swift */ = {isa = PBXFileReference; lastKnownFileType = sourcecode.swift; path = IRAHomeView.swift; sourceTree = "<group>"; };
		EC1B7E8D2B92F1DF005E0C30 /* IRAUIColorExtension.swift */ = {isa = PBXFileReference; lastKnownFileType = sourcecode.swift; path = IRAUIColorExtension.swift; sourceTree = "<group>"; };
		EC1B7E902B939A3B005E0C30 /* IRAProfileImageView.swift */ = {isa = PBXFileReference; lastKnownFileType = sourcecode.swift; path = IRAProfileImageView.swift; sourceTree = "<group>"; };
		EC466D182B8A6806009AE28D /* IRABackButtonView.swift */ = {isa = PBXFileReference; lastKnownFileType = sourcecode.swift; path = IRABackButtonView.swift; sourceTree = "<group>"; };
		EC86CE842B88AD60000EDCC0 /* IRASignUpView.swift */ = {isa = PBXFileReference; lastKnownFileType = sourcecode.swift; path = IRASignUpView.swift; sourceTree = "<group>"; };
		EC86CE862B88ADB9000EDCC0 /* IRAForgotPasswordView.swift */ = {isa = PBXFileReference; lastKnownFileType = sourcecode.swift; path = IRAForgotPasswordView.swift; sourceTree = "<group>"; };
		EC86CE882B88ADD0000EDCC0 /* IRAOtpVerificationView.swift */ = {isa = PBXFileReference; lastKnownFileType = sourcecode.swift; path = IRAOtpVerificationView.swift; sourceTree = "<group>"; };
		EC86CE8A2B88AE0F000EDCC0 /* IRADashboardView.swift */ = {isa = PBXFileReference; lastKnownFileType = sourcecode.swift; path = IRADashboardView.swift; sourceTree = "<group>"; };
		EC86CE8C2B88CDC9000EDCC0 /* IRACustomHeaderView.swift */ = {isa = PBXFileReference; lastKnownFileType = sourcecode.swift; path = IRACustomHeaderView.swift; sourceTree = "<group>"; };
		EC86CE8E2B88D033000EDCC0 /* IRACustomTextFieldView.swift */ = {isa = PBXFileReference; lastKnownFileType = sourcecode.swift; path = IRACustomTextFieldView.swift; sourceTree = "<group>"; };
		EC97962B2B85D592002EFDC0 /* InstantRecipeApp.app */ = {isa = PBXFileReference; explicitFileType = wrapper.application; includeInIndex = 0; path = InstantRecipeApp.app; sourceTree = BUILT_PRODUCTS_DIR; };
		EC97962E2B85D592002EFDC0 /* InstantRecipeAppApp.swift */ = {isa = PBXFileReference; lastKnownFileType = sourcecode.swift; path = InstantRecipeAppApp.swift; sourceTree = "<group>"; };
		EC9796302B85D592002EFDC0 /* ContentView.swift */ = {isa = PBXFileReference; lastKnownFileType = sourcecode.swift; path = ContentView.swift; sourceTree = "<group>"; };
		EC9796322B85D594002EFDC0 /* Assets.xcassets */ = {isa = PBXFileReference; lastKnownFileType = folder.assetcatalog; path = Assets.xcassets; sourceTree = "<group>"; };
		EC9796352B85D594002EFDC0 /* Preview Assets.xcassets */ = {isa = PBXFileReference; lastKnownFileType = folder.assetcatalog; path = "Preview Assets.xcassets"; sourceTree = "<group>"; };
		EC9796372B85D594002EFDC0 /* Persistence.swift */ = {isa = PBXFileReference; lastKnownFileType = sourcecode.swift; path = Persistence.swift; sourceTree = "<group>"; };
		EC97963A2B85D594002EFDC0 /* InstantRecipeApp.xcdatamodel */ = {isa = PBXFileReference; lastKnownFileType = wrapper.xcdatamodel; path = InstantRecipeApp.xcdatamodel; sourceTree = "<group>"; };
		EC9796442B85D610002EFDC0 /* IRASignInView.swift */ = {isa = PBXFileReference; lastKnownFileType = sourcecode.swift; path = IRASignInView.swift; sourceTree = "<group>"; };
		EC9796462B85D664002EFDC0 /* IRAAuthViewModel.swift */ = {isa = PBXFileReference; lastKnownFileType = sourcecode.swift; path = IRAAuthViewModel.swift; sourceTree = "<group>"; };
		EC9796482B86710C002EFDC0 /* IRAOnboardingView.swift */ = {isa = PBXFileReference; lastKnownFileType = sourcecode.swift; path = IRAOnboardingView.swift; sourceTree = "<group>"; };
		EC9D5B8E2B8C6E180040511C /* IRAOTPViewModel.swift */ = {isa = PBXFileReference; lastKnownFileType = sourcecode.swift; path = IRAOTPViewModel.swift; sourceTree = "<group>"; };
		ECA157132B8E2C3A0031B57D /* IRAPasswordCriteriaListView.swift */ = {isa = PBXFileReference; lastKnownFileType = sourcecode.swift; path = IRAPasswordCriteriaListView.swift; sourceTree = "<group>"; };
		ECA157152B8E2C4C0031B57D /* IRAPasswordCriteriaItemView.swift */ = {isa = PBXFileReference; lastKnownFileType = sourcecode.swift; path = IRAPasswordCriteriaItemView.swift; sourceTree = "<group>"; };
		ECA157172B8E31BD0031B57D /* IRAResetPasswordView.swift */ = {isa = PBXFileReference; lastKnownFileType = sourcecode.swift; path = IRAResetPasswordView.swift; sourceTree = "<group>"; };
		ECA157192B8E51360031B57D /* IRAProfileView.swift */ = {isa = PBXFileReference; lastKnownFileType = sourcecode.swift; path = IRAProfileView.swift; sourceTree = "<group>"; };
		ECA1571B2B8E5CB70031B57D /* IRASearchView.swift */ = {isa = PBXFileReference; lastKnownFileType = sourcecode.swift; path = IRASearchView.swift; sourceTree = "<group>"; };
		ECF8718E2B8BB129006D1027 /* IRACustomButton.swift */ = {isa = PBXFileReference; lastKnownFileType = sourcecode.swift; path = IRACustomButton.swift; sourceTree = "<group>"; };
/* End PBXFileReference section */

/* Begin PBXFrameworksBuildPhase section */
		EC9796282B85D592002EFDC0 /* Frameworks */ = {
			isa = PBXFrameworksBuildPhase;
			buildActionMask = 2147483647;
			files = (
				EC1B7E892B923D10005E0C30 /* Sliders in Frameworks */,
				642CEB4B797396E6BC9C1072 /* Pods_InstantRecipeApp.framework in Frameworks */,
				ECF871922B8BB7B9006D1027 /* OTPView in Frameworks */,
			);
			runOnlyForDeploymentPostprocessing = 0;
		};
/* End PBXFrameworksBuildPhase section */

/* Begin PBXGroup section */
		7EFBA23ED87F37D7B1A2DAE1 /* Pods */ = {
			isa = PBXGroup;
			children = (
				4D1587413A6F69ADEA4663BB /* Pods-InstantRecipeApp.debug.xcconfig */,
				0601E419B496E778D07F50E5 /* Pods-InstantRecipeApp.release.xcconfig */,
			);
			path = Pods;
			sourceTree = "<group>";
		};
		C5156D35E4531CD0DCF39565 /* Frameworks */ = {
			isa = PBXGroup;
			children = (
				82EEF4EC0BA20680E2EB6A1F /* Pods_InstantRecipeApp.framework */,
			);
			name = Frameworks;
			sourceTree = "<group>";
		};
		EC1B7E8C2B92F1BF005E0C30 /* Extensions */ = {
			isa = PBXGroup;
			children = (
				EC1B7E8D2B92F1DF005E0C30 /* IRAUIColorExtension.swift */,
			);
			path = Extensions;
			sourceTree = "<group>";
		};
		EC1B7E8F2B9399F3005E0C30 /* Views */ = {
			isa = PBXGroup;
			children = (
				EC1B7E902B939A3B005E0C30 /* IRAProfileImageView.swift */,
			);
			path = Views;
			sourceTree = "<group>";
		};
		EC9796222B85D592002EFDC0 = {
			isa = PBXGroup;
			children = (
				EC97962D2B85D592002EFDC0 /* InstantRecipeApp */,
				EC97962C2B85D592002EFDC0 /* Products */,
				7EFBA23ED87F37D7B1A2DAE1 /* Pods */,
				C5156D35E4531CD0DCF39565 /* Frameworks */,
			);
			sourceTree = "<group>";
		};
		EC97962C2B85D592002EFDC0 /* Products */ = {
			isa = PBXGroup;
			children = (
				EC97962B2B85D592002EFDC0 /* InstantRecipeApp.app */,
			);
			name = Products;
			sourceTree = "<group>";
		};
		EC97962D2B85D592002EFDC0 /* InstantRecipeApp */ = {
			isa = PBXGroup;
			children = (
				ECA1571F2B8F14A40031B57D /* Code */,
				ECA1571E2B8F146F0031B57D /* Config */,
				ECA1571D2B8F14470031B57D /* Resources */,
				ECA157122B8E2B710031B57D /* SupportingFiles */,
				EC9796392B85D594002EFDC0 /* InstantRecipeApp.xcdatamodeld */,
				EC9796342B85D594002EFDC0 /* Preview Content */,
			);
			path = InstantRecipeApp;
			sourceTree = "<group>";
		};
		EC9796342B85D594002EFDC0 /* Preview Content */ = {
			isa = PBXGroup;
			children = (
				EC9796352B85D594002EFDC0 /* Preview Assets.xcassets */,
			);
			path = "Preview Content";
			sourceTree = "<group>";
		};
		ECA157122B8E2B710031B57D /* SupportingFiles */ = {
			isa = PBXGroup;
			children = (
				EC97962E2B85D592002EFDC0 /* InstantRecipeAppApp.swift */,
				EC9796302B85D592002EFDC0 /* ContentView.swift */,
				EC9796372B85D594002EFDC0 /* Persistence.swift */,
			);
			path = SupportingFiles;
			sourceTree = "<group>";
		};
		ECA1571D2B8F14470031B57D /* Resources */ = {
			isa = PBXGroup;
			children = (
				EC9796322B85D594002EFDC0 /* Assets.xcassets */,
			);
			path = Resources;
			sourceTree = "<group>";
		};
		ECA1571E2B8F146F0031B57D /* Config */ = {
			isa = PBXGroup;
			children = (
			);
			path = Config;
			sourceTree = "<group>";
		};
		ECA1571F2B8F14A40031B57D /* Code */ = {
			isa = PBXGroup;
			children = (
				ECA157212B8F14B00031B57D /* Utilities */,
				ECA157202B8F14AA0031B57D /* Features */,
			);
			path = Code;
			sourceTree = "<group>";
		};
		ECA157202B8F14AA0031B57D /* Features */ = {
			isa = PBXGroup;
			children = (
				ECA1572F2B8F16CA0031B57D /* Profile */,
				ECA1572D2B8F16B80031B57D /* Dashboard */,
				ECA157292B8F16390031B57D /* Common */,
				ECA157242B8F14DD0031B57D /* Home */,
				ECA157232B8F14CA0031B57D /* Auth */,
				ECA157222B8F14C30031B57D /* Onboarding */,
			);
			path = Features;
			sourceTree = "<group>";
		};
		ECA157212B8F14B00031B57D /* Utilities */ = {
			isa = PBXGroup;
			children = (
				EC1B7E8C2B92F1BF005E0C30 /* Extensions */,
			);
			path = Utilities;
			sourceTree = "<group>";
		};
		ECA157222B8F14C30031B57D /* Onboarding */ = {
			isa = PBXGroup;
			children = (
				ECA157272B8F15C10031B57D /* Screens */,
			);
			path = Onboarding;
			sourceTree = "<group>";
		};
		ECA157232B8F14CA0031B57D /* Auth */ = {
			isa = PBXGroup;
			children = (
				ECA1572C2B8F168E0031B57D /* Views */,
				ECA157262B8F151B0031B57D /* ViewModels */,
				ECA157252B8F15100031B57D /* Screens */,
			);
			path = Auth;
			sourceTree = "<group>";
		};
		ECA157242B8F14DD0031B57D /* Home */ = {
			isa = PBXGroup;
			children = (
				ECA157282B8F15D50031B57D /* Screens */,
			);
			path = Home;
			sourceTree = "<group>";
		};
		ECA157252B8F15100031B57D /* Screens */ = {
			isa = PBXGroup;
			children = (
				EC9796442B85D610002EFDC0 /* IRASignInView.swift */,
				EC86CE842B88AD60000EDCC0 /* IRASignUpView.swift */,
				EC86CE862B88ADB9000EDCC0 /* IRAForgotPasswordView.swift */,
				EC86CE882B88ADD0000EDCC0 /* IRAOtpVerificationView.swift */,
				ECA157172B8E31BD0031B57D /* IRAResetPasswordView.swift */,
			);
			path = Screens;
			sourceTree = "<group>";
		};
		ECA157262B8F151B0031B57D /* ViewModels */ = {
			isa = PBXGroup;
			children = (
				EC9796462B85D664002EFDC0 /* IRAAuthViewModel.swift */,
				EC9D5B8E2B8C6E180040511C /* IRAOTPViewModel.swift */,
			);
			path = ViewModels;
			sourceTree = "<group>";
		};
		ECA157272B8F15C10031B57D /* Screens */ = {
			isa = PBXGroup;
			children = (
				EC9796482B86710C002EFDC0 /* IRAOnboardingView.swift */,
			);
			path = Screens;
			sourceTree = "<group>";
		};
		ECA157282B8F15D50031B57D /* Screens */ = {
			isa = PBXGroup;
			children = (
				ECA1571B2B8E5CB70031B57D /* IRASearchView.swift */,
				EC06B8B72B886E8E00905DAF /* IRAHomeView.swift */,
			);
			path = Screens;
			sourceTree = "<group>";
		};
		ECA157292B8F16390031B57D /* Common */ = {
			isa = PBXGroup;
			children = (
				ECA1572A2B8F16410031B57D /* Views */,
			);
			path = Common;
			sourceTree = "<group>";
		};
		ECA1572A2B8F16410031B57D /* Views */ = {
			isa = PBXGroup;
			children = (
				EC06B8B52B87D59C00905DAF /* IRACustomNavigationView.swift */,
				EC86CE8C2B88CDC9000EDCC0 /* IRACustomHeaderView.swift */,
				EC86CE8E2B88D033000EDCC0 /* IRACustomTextFieldView.swift */,
				EC466D182B8A6806009AE28D /* IRABackButtonView.swift */,
				ECF8718E2B8BB129006D1027 /* IRACustomButton.swift */,
			);
			path = Views;
			sourceTree = "<group>";
		};
		ECA1572C2B8F168E0031B57D /* Views */ = {
			isa = PBXGroup;
			children = (
				ECA157132B8E2C3A0031B57D /* IRAPasswordCriteriaListView.swift */,
				ECA157152B8E2C4C0031B57D /* IRAPasswordCriteriaItemView.swift */,
			);
			path = Views;
			sourceTree = "<group>";
		};
		ECA1572D2B8F16B80031B57D /* Dashboard */ = {
			isa = PBXGroup;
			children = (
				ECA1572E2B8F16C00031B57D /* Screens */,
			);
			path = Dashboard;
			sourceTree = "<group>";
		};
		ECA1572E2B8F16C00031B57D /* Screens */ = {
			isa = PBXGroup;
			children = (
				EC86CE8A2B88AE0F000EDCC0 /* IRADashboardView.swift */,
			);
			path = Screens;
			sourceTree = "<group>";
		};
		ECA1572F2B8F16CA0031B57D /* Profile */ = {
			isa = PBXGroup;
			children = (
				EC1B7E8F2B9399F3005E0C30 /* Views */,
				ECA157302B8F16D00031B57D /* Screens */,
			);
			path = Profile;
			sourceTree = "<group>";
		};
		ECA157302B8F16D00031B57D /* Screens */ = {
			isa = PBXGroup;
			children = (
				ECA157192B8E51360031B57D /* IRAProfileView.swift */,
			);
			path = Screens;
			sourceTree = "<group>";
		};
/* End PBXGroup section */

/* Begin PBXNativeTarget section */
		EC97962A2B85D592002EFDC0 /* InstantRecipeApp */ = {
			isa = PBXNativeTarget;
			buildConfigurationList = EC97963E2B85D594002EFDC0 /* Build configuration list for PBXNativeTarget "InstantRecipeApp" */;
			buildPhases = (
				5D688B5D77185DD6293BAF50 /* [CP] Check Pods Manifest.lock */,
				EC9796272B85D592002EFDC0 /* Sources */,
				EC9796282B85D592002EFDC0 /* Frameworks */,
				EC9796292B85D592002EFDC0 /* Resources */,
			);
			buildRules = (
			);
			dependencies = (
			);
			name = InstantRecipeApp;
			packageProductDependencies = (
				ECF871912B8BB7B9006D1027 /* OTPView */,
				EC1B7E882B923D10005E0C30 /* Sliders */,
			);
			productName = InstantRecipeApp;
			productReference = EC97962B2B85D592002EFDC0 /* InstantRecipeApp.app */;
			productType = "com.apple.product-type.application";
		};
/* End PBXNativeTarget section */

/* Begin PBXProject section */
		EC9796232B85D592002EFDC0 /* Project object */ = {
			isa = PBXProject;
			attributes = {
				BuildIndependentTargetsInParallel = 1;
				LastSwiftUpdateCheck = 1520;
				LastUpgradeCheck = 1520;
				TargetAttributes = {
					EC97962A2B85D592002EFDC0 = {
						CreatedOnToolsVersion = 15.2;
					};
				};
			};
			buildConfigurationList = EC9796262B85D592002EFDC0 /* Build configuration list for PBXProject "InstantRecipeApp" */;
			compatibilityVersion = "Xcode 14.0";
			developmentRegion = en;
			hasScannedForEncodings = 0;
			knownRegions = (
				en,
				Base,
			);
			mainGroup = EC9796222B85D592002EFDC0;
			packageReferences = (
				ECF871902B8BB7B9006D1027 /* XCRemoteSwiftPackageReference "otpview-swiftui" */,
				EC1B7E872B923D10005E0C30 /* XCRemoteSwiftPackageReference "swiftui-sliders" */,
			);
			productRefGroup = EC97962C2B85D592002EFDC0 /* Products */;
			projectDirPath = "";
			projectRoot = "";
			targets = (
				EC97962A2B85D592002EFDC0 /* InstantRecipeApp */,
			);
		};
/* End PBXProject section */

/* Begin PBXResourcesBuildPhase section */
		EC9796292B85D592002EFDC0 /* Resources */ = {
			isa = PBXResourcesBuildPhase;
			buildActionMask = 2147483647;
			files = (
				EC9796362B85D594002EFDC0 /* Preview Assets.xcassets in Resources */,
				EC9796332B85D594002EFDC0 /* Assets.xcassets in Resources */,
			);
			runOnlyForDeploymentPostprocessing = 0;
		};
/* End PBXResourcesBuildPhase section */

/* Begin PBXShellScriptBuildPhase section */
		5D688B5D77185DD6293BAF50 /* [CP] Check Pods Manifest.lock */ = {
			isa = PBXShellScriptBuildPhase;
			buildActionMask = 2147483647;
			files = (
			);
			inputFileListPaths = (
			);
			inputPaths = (
				"${PODS_PODFILE_DIR_PATH}/Podfile.lock",
				"${PODS_ROOT}/Manifest.lock",
			);
			name = "[CP] Check Pods Manifest.lock";
			outputFileListPaths = (
			);
			outputPaths = (
				"$(DERIVED_FILE_DIR)/Pods-InstantRecipeApp-checkManifestLockResult.txt",
			);
			runOnlyForDeploymentPostprocessing = 0;
			shellPath = /bin/sh;
			shellScript = "diff \"${PODS_PODFILE_DIR_PATH}/Podfile.lock\" \"${PODS_ROOT}/Manifest.lock\" > /dev/null\nif [ $? != 0 ] ; then\n    # print error to STDERR\n    echo \"error: The sandbox is not in sync with the Podfile.lock. Run 'pod install' or update your CocoaPods installation.\" >&2\n    exit 1\nfi\n# This output is used by Xcode 'outputs' to avoid re-running this script phase.\necho \"SUCCESS\" > \"${SCRIPT_OUTPUT_FILE_0}\"\n";
			showEnvVarsInLog = 0;
		};
/* End PBXShellScriptBuildPhase section */

/* Begin PBXSourcesBuildPhase section */
		EC9796272B85D592002EFDC0 /* Sources */ = {
			isa = PBXSourcesBuildPhase;
			buildActionMask = 2147483647;
			files = (
				EC86CE892B88ADD0000EDCC0 /* IRAOtpVerificationView.swift in Sources */,
				EC9796382B85D594002EFDC0 /* Persistence.swift in Sources */,
				EC86CE852B88AD60000EDCC0 /* IRASignUpView.swift in Sources */,
				EC9796312B85D592002EFDC0 /* ContentView.swift in Sources */,
				EC86CE872B88ADB9000EDCC0 /* IRAForgotPasswordView.swift in Sources */,
				EC86CE8D2B88CDC9000EDCC0 /* IRACustomHeaderView.swift in Sources */,
				EC1B7E8E2B92F1DF005E0C30 /* IRAUIColorExtension.swift in Sources */,
				EC466D192B8A6806009AE28D /* IRABackButtonView.swift in Sources */,
				EC9D5B8F2B8C6E180040511C /* IRAOTPViewModel.swift in Sources */,
				EC06B8B62B87D59C00905DAF /* IRACustomNavigationView.swift in Sources */,
				EC86CE8F2B88D033000EDCC0 /* IRACustomTextFieldView.swift in Sources */,
				ECA157142B8E2C3A0031B57D /* IRAPasswordCriteriaListView.swift in Sources */,
				EC06B8B82B886E8E00905DAF /* IRAHomeView.swift in Sources */,
				EC1B7E912B939A3B005E0C30 /* IRAProfileImageView.swift in Sources */,
				ECA157162B8E2C4C0031B57D /* IRAPasswordCriteriaItemView.swift in Sources */,
				ECA1571C2B8E5CB70031B57D /* IRASearchView.swift in Sources */,
				EC97962F2B85D592002EFDC0 /* InstantRecipeAppApp.swift in Sources */,
				EC9796472B85D664002EFDC0 /* IRAAuthViewModel.swift in Sources */,
				EC86CE8B2B88AE0F000EDCC0 /* IRADashboardView.swift in Sources */,
				EC9796492B86710C002EFDC0 /* IRAOnboardingView.swift in Sources */,
				EC97963B2B85D594002EFDC0 /* InstantRecipeApp.xcdatamodeld in Sources */,
				ECA157182B8E31BD0031B57D /* IRAResetPasswordView.swift in Sources */,
				EC9796452B85D610002EFDC0 /* IRASignInView.swift in Sources */,
				ECF8718F2B8BB129006D1027 /* IRACustomButton.swift in Sources */,
				ECA1571A2B8E51360031B57D /* IRAProfileView.swift in Sources */,
			);
			runOnlyForDeploymentPostprocessing = 0;
		};
/* End PBXSourcesBuildPhase section */

/* Begin XCBuildConfiguration section */
		EC97963C2B85D594002EFDC0 /* Debug */ = {
			isa = XCBuildConfiguration;
			buildSettings = {
				ALWAYS_SEARCH_USER_PATHS = NO;
				ASSETCATALOG_COMPILER_GENERATE_SWIFT_ASSET_SYMBOL_EXTENSIONS = YES;
				CLANG_ANALYZER_NONNULL = YES;
				CLANG_ANALYZER_NUMBER_OBJECT_CONVERSION = YES_AGGRESSIVE;
				CLANG_CXX_LANGUAGE_STANDARD = "gnu++20";
				CLANG_ENABLE_MODULES = YES;
				CLANG_ENABLE_OBJC_ARC = YES;
				CLANG_ENABLE_OBJC_WEAK = YES;
				CLANG_WARN_BLOCK_CAPTURE_AUTORELEASING = YES;
				CLANG_WARN_BOOL_CONVERSION = YES;
				CLANG_WARN_COMMA = YES;
				CLANG_WARN_CONSTANT_CONVERSION = YES;
				CLANG_WARN_DEPRECATED_OBJC_IMPLEMENTATIONS = YES;
				CLANG_WARN_DIRECT_OBJC_ISA_USAGE = YES_ERROR;
				CLANG_WARN_DOCUMENTATION_COMMENTS = YES;
				CLANG_WARN_EMPTY_BODY = YES;
				CLANG_WARN_ENUM_CONVERSION = YES;
				CLANG_WARN_INFINITE_RECURSION = YES;
				CLANG_WARN_INT_CONVERSION = YES;
				CLANG_WARN_NON_LITERAL_NULL_CONVERSION = YES;
				CLANG_WARN_OBJC_IMPLICIT_RETAIN_SELF = YES;
				CLANG_WARN_OBJC_LITERAL_CONVERSION = YES;
				CLANG_WARN_OBJC_ROOT_CLASS = YES_ERROR;
				CLANG_WARN_QUOTED_INCLUDE_IN_FRAMEWORK_HEADER = YES;
				CLANG_WARN_RANGE_LOOP_ANALYSIS = YES;
				CLANG_WARN_STRICT_PROTOTYPES = YES;
				CLANG_WARN_SUSPICIOUS_MOVE = YES;
				CLANG_WARN_UNGUARDED_AVAILABILITY = YES_AGGRESSIVE;
				CLANG_WARN_UNREACHABLE_CODE = YES;
				CLANG_WARN__DUPLICATE_METHOD_MATCH = YES;
				COPY_PHASE_STRIP = NO;
				DEBUG_INFORMATION_FORMAT = dwarf;
				ENABLE_STRICT_OBJC_MSGSEND = YES;
				ENABLE_TESTABILITY = YES;
				ENABLE_USER_SCRIPT_SANDBOXING = YES;
				GCC_C_LANGUAGE_STANDARD = gnu17;
				GCC_DYNAMIC_NO_PIC = NO;
				GCC_NO_COMMON_BLOCKS = YES;
				GCC_OPTIMIZATION_LEVEL = 0;
				GCC_PREPROCESSOR_DEFINITIONS = (
					"DEBUG=1",
					"$(inherited)",
				);
				GCC_WARN_64_TO_32_BIT_CONVERSION = YES;
				GCC_WARN_ABOUT_RETURN_TYPE = YES_ERROR;
				GCC_WARN_UNDECLARED_SELECTOR = YES;
				GCC_WARN_UNINITIALIZED_AUTOS = YES_AGGRESSIVE;
				GCC_WARN_UNUSED_FUNCTION = YES;
				GCC_WARN_UNUSED_VARIABLE = YES;
				IPHONEOS_DEPLOYMENT_TARGET = 17.2;
				LOCALIZATION_PREFERS_STRING_CATALOGS = YES;
				MTL_ENABLE_DEBUG_INFO = INCLUDE_SOURCE;
				MTL_FAST_MATH = YES;
				ONLY_ACTIVE_ARCH = YES;
				SDKROOT = iphoneos;
				SWIFT_ACTIVE_COMPILATION_CONDITIONS = "DEBUG $(inherited)";
				SWIFT_OPTIMIZATION_LEVEL = "-Onone";
			};
			name = Debug;
		};
		EC97963D2B85D594002EFDC0 /* Release */ = {
			isa = XCBuildConfiguration;
			buildSettings = {
				ALWAYS_SEARCH_USER_PATHS = NO;
				ASSETCATALOG_COMPILER_GENERATE_SWIFT_ASSET_SYMBOL_EXTENSIONS = YES;
				CLANG_ANALYZER_NONNULL = YES;
				CLANG_ANALYZER_NUMBER_OBJECT_CONVERSION = YES_AGGRESSIVE;
				CLANG_CXX_LANGUAGE_STANDARD = "gnu++20";
				CLANG_ENABLE_MODULES = YES;
				CLANG_ENABLE_OBJC_ARC = YES;
				CLANG_ENABLE_OBJC_WEAK = YES;
				CLANG_WARN_BLOCK_CAPTURE_AUTORELEASING = YES;
				CLANG_WARN_BOOL_CONVERSION = YES;
				CLANG_WARN_COMMA = YES;
				CLANG_WARN_CONSTANT_CONVERSION = YES;
				CLANG_WARN_DEPRECATED_OBJC_IMPLEMENTATIONS = YES;
				CLANG_WARN_DIRECT_OBJC_ISA_USAGE = YES_ERROR;
				CLANG_WARN_DOCUMENTATION_COMMENTS = YES;
				CLANG_WARN_EMPTY_BODY = YES;
				CLANG_WARN_ENUM_CONVERSION = YES;
				CLANG_WARN_INFINITE_RECURSION = YES;
				CLANG_WARN_INT_CONVERSION = YES;
				CLANG_WARN_NON_LITERAL_NULL_CONVERSION = YES;
				CLANG_WARN_OBJC_IMPLICIT_RETAIN_SELF = YES;
				CLANG_WARN_OBJC_LITERAL_CONVERSION = YES;
				CLANG_WARN_OBJC_ROOT_CLASS = YES_ERROR;
				CLANG_WARN_QUOTED_INCLUDE_IN_FRAMEWORK_HEADER = YES;
				CLANG_WARN_RANGE_LOOP_ANALYSIS = YES;
				CLANG_WARN_STRICT_PROTOTYPES = YES;
				CLANG_WARN_SUSPICIOUS_MOVE = YES;
				CLANG_WARN_UNGUARDED_AVAILABILITY = YES_AGGRESSIVE;
				CLANG_WARN_UNREACHABLE_CODE = YES;
				CLANG_WARN__DUPLICATE_METHOD_MATCH = YES;
				COPY_PHASE_STRIP = NO;
				DEBUG_INFORMATION_FORMAT = "dwarf-with-dsym";
				ENABLE_NS_ASSERTIONS = NO;
				ENABLE_STRICT_OBJC_MSGSEND = YES;
				ENABLE_USER_SCRIPT_SANDBOXING = YES;
				GCC_C_LANGUAGE_STANDARD = gnu17;
				GCC_NO_COMMON_BLOCKS = YES;
				GCC_WARN_64_TO_32_BIT_CONVERSION = YES;
				GCC_WARN_ABOUT_RETURN_TYPE = YES_ERROR;
				GCC_WARN_UNDECLARED_SELECTOR = YES;
				GCC_WARN_UNINITIALIZED_AUTOS = YES_AGGRESSIVE;
				GCC_WARN_UNUSED_FUNCTION = YES;
				GCC_WARN_UNUSED_VARIABLE = YES;
				IPHONEOS_DEPLOYMENT_TARGET = 17.2;
				LOCALIZATION_PREFERS_STRING_CATALOGS = YES;
				MTL_ENABLE_DEBUG_INFO = NO;
				MTL_FAST_MATH = YES;
				SDKROOT = iphoneos;
				SWIFT_COMPILATION_MODE = wholemodule;
				VALIDATE_PRODUCT = YES;
			};
			name = Release;
		};
		EC97963F2B85D594002EFDC0 /* Debug */ = {
			isa = XCBuildConfiguration;
			baseConfigurationReference = 4D1587413A6F69ADEA4663BB /* Pods-InstantRecipeApp.debug.xcconfig */;
			buildSettings = {
				ASSETCATALOG_COMPILER_APPICON_NAME = AppIcon;
				ASSETCATALOG_COMPILER_GLOBAL_ACCENT_COLOR_NAME = AccentColor;
				CODE_SIGN_STYLE = Automatic;
				CURRENT_PROJECT_VERSION = 1;
				DEVELOPMENT_ASSET_PATHS = "\"InstantRecipeApp/Preview Content\"";
				DEVELOPMENT_TEAM = NX4HC3DZ28;
				ENABLE_PREVIEWS = YES;
				GENERATE_INFOPLIST_FILE = YES;
				INFOPLIST_KEY_UIApplicationSceneManifest_Generation = YES;
				INFOPLIST_KEY_UIApplicationSupportsIndirectInputEvents = YES;
				INFOPLIST_KEY_UILaunchScreen_Generation = YES;
				INFOPLIST_KEY_UISupportedInterfaceOrientations_iPad = "UIInterfaceOrientationPortrait UIInterfaceOrientationPortraitUpsideDown UIInterfaceOrientationLandscapeLeft UIInterfaceOrientationLandscapeRight";
				INFOPLIST_KEY_UISupportedInterfaceOrientations_iPhone = "UIInterfaceOrientationPortrait UIInterfaceOrientationLandscapeLeft UIInterfaceOrientationLandscapeRight";
				LD_RUNPATH_SEARCH_PATHS = (
					"$(inherited)",
					"@executable_path/Frameworks",
				);
				MARKETING_VERSION = 1.0;
				PRODUCT_BUNDLE_IDENTIFIER = com.technerdy.InstantRecipeApp;
				PRODUCT_NAME = "$(TARGET_NAME)";
				SWIFT_EMIT_LOC_STRINGS = YES;
				SWIFT_VERSION = 5.0;
				TARGETED_DEVICE_FAMILY = "1,2";
			};
			name = Debug;
		};
		EC9796402B85D594002EFDC0 /* Release */ = {
			isa = XCBuildConfiguration;
			baseConfigurationReference = 0601E419B496E778D07F50E5 /* Pods-InstantRecipeApp.release.xcconfig */;
			buildSettings = {
				ASSETCATALOG_COMPILER_APPICON_NAME = AppIcon;
				ASSETCATALOG_COMPILER_GLOBAL_ACCENT_COLOR_NAME = AccentColor;
				CODE_SIGN_STYLE = Automatic;
				CURRENT_PROJECT_VERSION = 1;
				DEVELOPMENT_ASSET_PATHS = "\"InstantRecipeApp/Preview Content\"";
				DEVELOPMENT_TEAM = NX4HC3DZ28;
				ENABLE_PREVIEWS = YES;
				GENERATE_INFOPLIST_FILE = YES;
				INFOPLIST_KEY_UIApplicationSceneManifest_Generation = YES;
				INFOPLIST_KEY_UIApplicationSupportsIndirectInputEvents = YES;
				INFOPLIST_KEY_UILaunchScreen_Generation = YES;
				INFOPLIST_KEY_UISupportedInterfaceOrientations_iPad = "UIInterfaceOrientationPortrait UIInterfaceOrientationPortraitUpsideDown UIInterfaceOrientationLandscapeLeft UIInterfaceOrientationLandscapeRight";
				INFOPLIST_KEY_UISupportedInterfaceOrientations_iPhone = "UIInterfaceOrientationPortrait UIInterfaceOrientationLandscapeLeft UIInterfaceOrientationLandscapeRight";
				LD_RUNPATH_SEARCH_PATHS = (
					"$(inherited)",
					"@executable_path/Frameworks",
				);
				MARKETING_VERSION = 1.0;
				PRODUCT_BUNDLE_IDENTIFIER = com.technerdy.InstantRecipeApp;
				PRODUCT_NAME = "$(TARGET_NAME)";
				SWIFT_EMIT_LOC_STRINGS = YES;
				SWIFT_VERSION = 5.0;
				TARGETED_DEVICE_FAMILY = "1,2";
			};
			name = Release;
		};
/* End XCBuildConfiguration section */

/* Begin XCConfigurationList section */
		EC9796262B85D592002EFDC0 /* Build configuration list for PBXProject "InstantRecipeApp" */ = {
			isa = XCConfigurationList;
			buildConfigurations = (
				EC97963C2B85D594002EFDC0 /* Debug */,
				EC97963D2B85D594002EFDC0 /* Release */,
			);
			defaultConfigurationIsVisible = 0;
			defaultConfigurationName = Release;
		};
		EC97963E2B85D594002EFDC0 /* Build configuration list for PBXNativeTarget "InstantRecipeApp" */ = {
			isa = XCConfigurationList;
			buildConfigurations = (
				EC97963F2B85D594002EFDC0 /* Debug */,
				EC9796402B85D594002EFDC0 /* Release */,
			);
			defaultConfigurationIsVisible = 0;
			defaultConfigurationName = Release;
		};
/* End XCConfigurationList section */

/* Begin XCRemoteSwiftPackageReference section */
		EC1B7E872B923D10005E0C30 /* XCRemoteSwiftPackageReference "swiftui-sliders" */ = {
			isa = XCRemoteSwiftPackageReference;
			repositoryURL = "git@github.com:spacenation/swiftui-sliders.git";
			requirement = {
				kind = upToNextMajorVersion;
				minimumVersion = 2.1.0;
			};
		};
		ECF871902B8BB7B9006D1027 /* XCRemoteSwiftPackageReference "otpview-swiftui" */ = {
			isa = XCRemoteSwiftPackageReference;
			repositoryURL = "https://github.com/mukeshsolanki/otpview-swiftui.git";
			requirement = {
				kind = upToNextMajorVersion;
				minimumVersion = 1.0.0;
			};
		};
/* End XCRemoteSwiftPackageReference section */

/* Begin XCSwiftPackageProductDependency section */
		EC1B7E882B923D10005E0C30 /* Sliders */ = {
			isa = XCSwiftPackageProductDependency;
			package = EC1B7E872B923D10005E0C30 /* XCRemoteSwiftPackageReference "swiftui-sliders" */;
			productName = Sliders;
		};
		ECF871912B8BB7B9006D1027 /* OTPView */ = {
			isa = XCSwiftPackageProductDependency;
			package = ECF871902B8BB7B9006D1027 /* XCRemoteSwiftPackageReference "otpview-swiftui" */;
			productName = OTPView;
		};
/* End XCSwiftPackageProductDependency section */

/* Begin XCVersionGroup section */
		EC9796392B85D594002EFDC0 /* InstantRecipeApp.xcdatamodeld */ = {
			isa = XCVersionGroup;
			children = (
				EC97963A2B85D594002EFDC0 /* InstantRecipeApp.xcdatamodel */,
			);
			currentVersion = EC97963A2B85D594002EFDC0 /* InstantRecipeApp.xcdatamodel */;
			path = InstantRecipeApp.xcdatamodeld;
			sourceTree = "<group>";
			versionGroupType = wrapper.xcdatamodel;
		};
/* End XCVersionGroup section */
	};
	rootObject = EC9796232B85D592002EFDC0 /* Project object */;
}
