// !$*UTF8*$!
{
	archiveVersion = 1;
	classes = {
	};
	objectVersion = 56;
	objects = {

/* Begin PBXBuildFile section */
		642CEB4B797396E6BC9C1072 /* Pods_InstantRecipeApp.framework in Frameworks */ = {isa = PBXBuildFile; fileRef = 82EEF4EC0BA20680E2EB6A1F /* Pods_InstantRecipeApp.framework */; };
		EC0635B22C220A9C00ED7BFE /* ToastTypeEnums.swift in Sources */ = {isa = PBXBuildFile; fileRef = EC0635B12C220A9C00ED7BFE /* ToastTypeEnums.swift */; };
		EC0635B52C249F2500ED7BFE /* RoutingConfig.swift in Sources */ = {isa = PBXBuildFile; fileRef = EC0635B42C249F2500ED7BFE /* RoutingConfig.swift */; };
		EC0635B72C24A75500ED7BFE /* ViewExtension.swift in Sources */ = {isa = PBXBuildFile; fileRef = EC0635B62C24A75500ED7BFE /* ViewExtension.swift */; };
		EC0635BA2C27455000ED7BFE /* UIPilot in Frameworks */ = {isa = PBXBuildFile; productRef = EC0635B92C27455000ED7BFE /* UIPilot */; };
		EC0635BC2C27458E00ED7BFE /* AppRoute.swift in Sources */ = {isa = PBXBuildFile; fileRef = EC0635BB2C27458E00ED7BFE /* AppRoute.swift */; };
		EC06B8B62B87D59C00905DAF /* IRACustomNavigationView.swift in Sources */ = {isa = PBXBuildFile; fileRef = EC06B8B52B87D59C00905DAF /* IRACustomNavigationView.swift */; };
		EC06B8B82B886E8E00905DAF /* IRAHomeView.swift in Sources */ = {isa = PBXBuildFile; fileRef = EC06B8B72B886E8E00905DAF /* IRAHomeView.swift */; };
		EC1B7E8E2B92F1DF005E0C30 /* IRAUIColorExtension.swift in Sources */ = {isa = PBXBuildFile; fileRef = EC1B7E8D2B92F1DF005E0C30 /* IRAUIColorExtension.swift */; };
		EC1B7E912B939A3B005E0C30 /* IRAProfileImageView.swift in Sources */ = {isa = PBXBuildFile; fileRef = EC1B7E902B939A3B005E0C30 /* IRAProfileImageView.swift */; };
		EC466D192B8A6806009AE28D /* IRABackButtonView.swift in Sources */ = {isa = PBXBuildFile; fileRef = EC466D182B8A6806009AE28D /* IRABackButtonView.swift */; };
		EC86CE852B88AD60000EDCC0 /* IRASignUpView.swift in Sources */ = {isa = PBXBuildFile; fileRef = EC86CE842B88AD60000EDCC0 /* IRASignUpView.swift */; };
		EC86CE872B88ADB9000EDCC0 /* IRAForgotPasswordView.swift in Sources */ = {isa = PBXBuildFile; fileRef = EC86CE862B88ADB9000EDCC0 /* IRAForgotPasswordView.swift */; };
		EC86CE892B88ADD0000EDCC0 /* IRAOtpVerificationView.swift in Sources */ = {isa = PBXBuildFile; fileRef = EC86CE882B88ADD0000EDCC0 /* IRAOtpVerificationView.swift */; };
		EC86CE8B2B88AE0F000EDCC0 /* IRADashboardView.swift in Sources */ = {isa = PBXBuildFile; fileRef = EC86CE8A2B88AE0F000EDCC0 /* IRADashboardView.swift */; };
		EC86CE8D2B88CDC9000EDCC0 /* IRACustomHeaderView.swift in Sources */ = {isa = PBXBuildFile; fileRef = EC86CE8C2B88CDC9000EDCC0 /* IRACustomHeaderView.swift */; };
		EC86CE8F2B88D033000EDCC0 /* IRACustomTextFieldView.swift in Sources */ = {isa = PBXBuildFile; fileRef = EC86CE8E2B88D033000EDCC0 /* IRACustomTextFieldView.swift */; };
		EC97962F2B85D592002EFDC0 /* InstantRecipeAppApp.swift in Sources */ = {isa = PBXBuildFile; fileRef = EC97962E2B85D592002EFDC0 /* InstantRecipeAppApp.swift */; };
		EC9796312B85D592002EFDC0 /* ContentView.swift in Sources */ = {isa = PBXBuildFile; fileRef = EC9796302B85D592002EFDC0 /* ContentView.swift */; };
		EC9796332B85D594002EFDC0 /* Assets.xcassets in Resources */ = {isa = PBXBuildFile; fileRef = EC9796322B85D594002EFDC0 /* Assets.xcassets */; };
		EC9796362B85D594002EFDC0 /* Preview Assets.xcassets in Resources */ = {isa = PBXBuildFile; fileRef = EC9796352B85D594002EFDC0 /* Preview Assets.xcassets */; };
		EC9796382B85D594002EFDC0 /* Persistence.swift in Sources */ = {isa = PBXBuildFile; fileRef = EC9796372B85D594002EFDC0 /* Persistence.swift */; };
		EC97963B2B85D594002EFDC0 /* InstantRecipeApp.xcdatamodeld in Sources */ = {isa = PBXBuildFile; fileRef = EC9796392B85D594002EFDC0 /* InstantRecipeApp.xcdatamodeld */; };
		EC9796452B85D610002EFDC0 /* IRASignInView.swift in Sources */ = {isa = PBXBuildFile; fileRef = EC9796442B85D610002EFDC0 /* IRASignInView.swift */; };
		EC9796472B85D664002EFDC0 /* IRAAuthViewModel.swift in Sources */ = {isa = PBXBuildFile; fileRef = EC9796462B85D664002EFDC0 /* IRAAuthViewModel.swift */; };
		EC9796492B86710C002EFDC0 /* IRAOnboardingView.swift in Sources */ = {isa = PBXBuildFile; fileRef = EC9796482B86710C002EFDC0 /* IRAOnboardingView.swift */; };
		EC9D5B8F2B8C6E180040511C /* IRAOTPViewModel.swift in Sources */ = {isa = PBXBuildFile; fileRef = EC9D5B8E2B8C6E180040511C /* IRAOTPViewModel.swift */; };
		ECA157142B8E2C3A0031B57D /* IRAPasswordCriteriaListView.swift in Sources */ = {isa = PBXBuildFile; fileRef = ECA157132B8E2C3A0031B57D /* IRAPasswordCriteriaListView.swift */; };
		ECA157162B8E2C4C0031B57D /* IRAPasswordCriteriaItemView.swift in Sources */ = {isa = PBXBuildFile; fileRef = ECA157152B8E2C4C0031B57D /* IRAPasswordCriteriaItemView.swift */; };
		ECA157182B8E31BD0031B57D /* IRAResetPasswordView.swift in Sources */ = {isa = PBXBuildFile; fileRef = ECA157172B8E31BD0031B57D /* IRAResetPasswordView.swift */; };
		ECA1571A2B8E51360031B57D /* IRAProfileView.swift in Sources */ = {isa = PBXBuildFile; fileRef = ECA157192B8E51360031B57D /* IRAProfileView.swift */; };
		ECA1571C2B8E5CB70031B57D /* IRASearchView.swift in Sources */ = {isa = PBXBuildFile; fileRef = ECA1571B2B8E5CB70031B57D /* IRASearchView.swift */; };
		ECA1DB512C1E0FA400A8054C /* Appwrite in Frameworks */ = {isa = PBXBuildFile; productRef = ECA1DB502C1E0FA400A8054C /* Appwrite */; };
		ECA1DB532C1EB91700A8054C /* AppWriteClientConfig.swift in Sources */ = {isa = PBXBuildFile; fileRef = ECA1DB522C1EB91700A8054C /* AppWriteClientConfig.swift */; };
		ECA1DB562C1EC01300A8054C /* AppEnums.swift in Sources */ = {isa = PBXBuildFile; fileRef = ECA1DB552C1EC01300A8054C /* AppEnums.swift */; };
		ECA1DB582C1ECF7D00A8054C /* IRAToastView.swift in Sources */ = {isa = PBXBuildFile; fileRef = ECA1DB572C1ECF7D00A8054C /* IRAToastView.swift */; };
		ECA1DB5A2C1F5C8100A8054C /* FocusElementEnums.swift in Sources */ = {isa = PBXBuildFile; fileRef = ECA1DB592C1F5C8100A8054C /* FocusElementEnums.swift */; };
		ECAEC2002B964C0C00FC9B4B /* IRAAddEditRecipeView.swift in Sources */ = {isa = PBXBuildFile; fileRef = ECAEC1FF2B964C0C00FC9B4B /* IRAAddEditRecipeView.swift */; };
		ECC8B66E2C516B270064CF6A /* LinkNavigator in Frameworks */ = {isa = PBXBuildFile; productRef = ECC8B66D2C516B270064CF6A /* LinkNavigator */; };
		ECC8B6702C516DD20064CF6A /* AppDependency.swift in Sources */ = {isa = PBXBuildFile; fileRef = ECC8B66F2C516DD20064CF6A /* AppDependency.swift */; };
		ECC8B6722C516EAC0064CF6A /* AppRouterGroup.swift in Sources */ = {isa = PBXBuildFile; fileRef = ECC8B6712C516EAC0064CF6A /* AppRouterGroup.swift */; };
		ECC8B6742C51703B0064CF6A /* IRAOnboardingRouteBuilder.swift in Sources */ = {isa = PBXBuildFile; fileRef = ECC8B6732C51703B0064CF6A /* IRAOnboardingRouteBuilder.swift */; };
		ECC8B6762C5171D80064CF6A /* AppDelegate.swift in Sources */ = {isa = PBXBuildFile; fileRef = ECC8B6752C5171D80064CF6A /* AppDelegate.swift */; };
		ECC8B6792C5175600064CF6A /* IRASignInRouteBuilder.swift in Sources */ = {isa = PBXBuildFile; fileRef = ECC8B6782C5175600064CF6A /* IRASignInRouteBuilder.swift */; };
		ECC8B67B2C5179410064CF6A /* IRAHomeRouteBuilder.swift in Sources */ = {isa = PBXBuildFile; fileRef = ECC8B67A2C5179410064CF6A /* IRAHomeRouteBuilder.swift */; };
		ECC8B67D2C5214150064CF6A /* IRAProfileViewRouteBuilder.swift in Sources */ = {isa = PBXBuildFile; fileRef = ECC8B67C2C5214150064CF6A /* IRAProfileViewRouteBuilder.swift */; };
		ECC8B67F2C5234910064CF6A /* IRASearchRouteBuilder.swift in Sources */ = {isa = PBXBuildFile; fileRef = ECC8B67E2C5234910064CF6A /* IRASearchRouteBuilder.swift */; };
		ECC8B6822C5248690064CF6A /* IRAHomeViewModel.swift in Sources */ = {isa = PBXBuildFile; fileRef = ECC8B6812C5248690064CF6A /* IRAHomeViewModel.swift */; };
		ECC8B6852C5249C80064CF6A /* IRAProfileViewModel.swift in Sources */ = {isa = PBXBuildFile; fileRef = ECC8B6842C5249C80064CF6A /* IRAProfileViewModel.swift */; };
		ECC8B6882C5257600064CF6A /* IRAProfileDetailModel.swift in Sources */ = {isa = PBXBuildFile; fileRef = ECC8B6872C5257600064CF6A /* IRAProfileDetailModel.swift */; };
		ECC8B68C2C5267B70064CF6A /* IRARecipeItemView.swift in Sources */ = {isa = PBXBuildFile; fileRef = ECC8B68B2C5267B70064CF6A /* IRARecipeItemView.swift */; };
		ECC8B68E2C527A830064CF6A /* IRARecipeDetailView.swift in Sources */ = {isa = PBXBuildFile; fileRef = ECC8B68D2C527A830064CF6A /* IRARecipeDetailView.swift */; };
		ECC8B6902C527A9D0064CF6A /* IRARecipeDetailRouteBuilder.swift in Sources */ = {isa = PBXBuildFile; fileRef = ECC8B68F2C527A9D0064CF6A /* IRARecipeDetailRouteBuilder.swift */; };
		ECC8B6942C528FD50064CF6A /* IRAAddEditRecipeRouteBuilder.swift in Sources */ = {isa = PBXBuildFile; fileRef = ECC8B6932C528FD50064CF6A /* IRAAddEditRecipeRouteBuilder.swift */; };
		ECC8B6972C5291410064CF6A /* IRAAddEditRecipeViewModel.swift in Sources */ = {isa = PBXBuildFile; fileRef = ECC8B6962C5291410064CF6A /* IRAAddEditRecipeViewModel.swift */; };
		ECC8B6992C52914C0064CF6A /* IRARecipeDetailViewModel.swift in Sources */ = {isa = PBXBuildFile; fileRef = ECC8B6982C52914C0064CF6A /* IRARecipeDetailViewModel.swift */; };
		ECC8B69C2C529CC50064CF6A /* IRAPhotoPickerView.swift in Sources */ = {isa = PBXBuildFile; fileRef = ECC8B69B2C529CC50064CF6A /* IRAPhotoPickerView.swift */; };
		ECC8B69F2C53A7AB0064CF6A /* IRAHelpers.swift in Sources */ = {isa = PBXBuildFile; fileRef = ECC8B69E2C53A7AB0064CF6A /* IRAHelpers.swift */; };
		ECC8B6A12C53AB2B0064CF6A /* IRASwiftUISliderView.swift in Sources */ = {isa = PBXBuildFile; fileRef = ECC8B6A02C53AB2B0064CF6A /* IRASwiftUISliderView.swift */; };
		ECC8B6A32C53ABA60064CF6A /* IRACookingDurationView.swift in Sources */ = {isa = PBXBuildFile; fileRef = ECC8B6A22C53ABA60064CF6A /* IRACookingDurationView.swift */; };
		ECC8B6A52C53BF370064CF6A /* IRACategorySelectionView.swift in Sources */ = {isa = PBXBuildFile; fileRef = ECC8B6A42C53BF370064CF6A /* IRACategorySelectionView.swift */; };
		ECC8B6A72C53E6BF0064CF6A /* IRACustomTextEditorView.swift in Sources */ = {isa = PBXBuildFile; fileRef = ECC8B6A62C53E6BF0064CF6A /* IRACustomTextEditorView.swift */; };
		ECC8B6A92C5402B10064CF6A /* IRARecipeUploadSuccessView.swift in Sources */ = {isa = PBXBuildFile; fileRef = ECC8B6A82C5402B10064CF6A /* IRARecipeUploadSuccessView.swift */; };
		ECC8B6AB2C5402E80064CF6A /* IRARecipeUploadSuccessRouteBuilder.swift in Sources */ = {isa = PBXBuildFile; fileRef = ECC8B6AA2C5402E80064CF6A /* IRARecipeUploadSuccessRouteBuilder.swift */; };
		ECC8B6AE2C5415F60064CF6A /* IRARecipeDetailModel.swift in Sources */ = {isa = PBXBuildFile; fileRef = ECC8B6AD2C5415F60064CF6A /* IRARecipeDetailModel.swift */; };
		ECC8B6B02C541E4F0064CF6A /* IRACurrentTimeUtil.swift in Sources */ = {isa = PBXBuildFile; fileRef = ECC8B6AF2C541E4F0064CF6A /* IRACurrentTimeUtil.swift */; };
		ECC8B6B32C54F0890064CF6A /* AnyCodable in Frameworks */ = {isa = PBXBuildFile; productRef = ECC8B6B22C54F0890064CF6A /* AnyCodable */; };
		ECF8718F2B8BB129006D1027 /* IRACustomButton.swift in Sources */ = {isa = PBXBuildFile; fileRef = ECF8718E2B8BB129006D1027 /* IRACustomButton.swift */; };
		ECF871922B8BB7B9006D1027 /* OTPView in Frameworks */ = {isa = PBXBuildFile; productRef = ECF871912B8BB7B9006D1027 /* OTPView */; };
/* End PBXBuildFile section */

/* Begin PBXFileReference section */
		0601E419B496E778D07F50E5 /* Pods-InstantRecipeApp.release.xcconfig */ = {isa = PBXFileReference; includeInIndex = 1; lastKnownFileType = text.xcconfig; name = "Pods-InstantRecipeApp.release.xcconfig"; path = "Target Support Files/Pods-InstantRecipeApp/Pods-InstantRecipeApp.release.xcconfig"; sourceTree = "<group>"; };
		4D1587413A6F69ADEA4663BB /* Pods-InstantRecipeApp.debug.xcconfig */ = {isa = PBXFileReference; includeInIndex = 1; lastKnownFileType = text.xcconfig; name = "Pods-InstantRecipeApp.debug.xcconfig"; path = "Target Support Files/Pods-InstantRecipeApp/Pods-InstantRecipeApp.debug.xcconfig"; sourceTree = "<group>"; };
		82EEF4EC0BA20680E2EB6A1F /* Pods_InstantRecipeApp.framework */ = {isa = PBXFileReference; explicitFileType = wrapper.framework; includeInIndex = 0; path = Pods_InstantRecipeApp.framework; sourceTree = BUILT_PRODUCTS_DIR; };
		EC0635B12C220A9C00ED7BFE /* ToastTypeEnums.swift */ = {isa = PBXFileReference; lastKnownFileType = sourcecode.swift; path = ToastTypeEnums.swift; sourceTree = "<group>"; };
		EC0635B42C249F2500ED7BFE /* RoutingConfig.swift */ = {isa = PBXFileReference; lastKnownFileType = sourcecode.swift; path = RoutingConfig.swift; sourceTree = "<group>"; };
		EC0635B62C24A75500ED7BFE /* ViewExtension.swift */ = {isa = PBXFileReference; lastKnownFileType = sourcecode.swift; path = ViewExtension.swift; sourceTree = "<group>"; };
		EC0635BB2C27458E00ED7BFE /* AppRoute.swift */ = {isa = PBXFileReference; lastKnownFileType = sourcecode.swift; path = AppRoute.swift; sourceTree = "<group>"; };
		EC06B8B52B87D59C00905DAF /* IRACustomNavigationView.swift */ = {isa = PBXFileReference; lastKnownFileType = sourcecode.swift; path = IRACustomNavigationView.swift; sourceTree = "<group>"; };
		EC06B8B72B886E8E00905DAF /* IRAHomeView.swift */ = {isa = PBXFileReference; lastKnownFileType = sourcecode.swift; path = IRAHomeView.swift; sourceTree = "<group>"; };
		EC1B7E8D2B92F1DF005E0C30 /* IRAUIColorExtension.swift */ = {isa = PBXFileReference; lastKnownFileType = sourcecode.swift; path = IRAUIColorExtension.swift; sourceTree = "<group>"; };
		EC1B7E902B939A3B005E0C30 /* IRAProfileImageView.swift */ = {isa = PBXFileReference; lastKnownFileType = sourcecode.swift; path = IRAProfileImageView.swift; sourceTree = "<group>"; };
		EC466D182B8A6806009AE28D /* IRABackButtonView.swift */ = {isa = PBXFileReference; lastKnownFileType = sourcecode.swift; path = IRABackButtonView.swift; sourceTree = "<group>"; };
		EC86CE842B88AD60000EDCC0 /* IRASignUpView.swift */ = {isa = PBXFileReference; lastKnownFileType = sourcecode.swift; path = IRASignUpView.swift; sourceTree = "<group>"; };
		EC86CE862B88ADB9000EDCC0 /* IRAForgotPasswordView.swift */ = {isa = PBXFileReference; lastKnownFileType = sourcecode.swift; path = IRAForgotPasswordView.swift; sourceTree = "<group>"; };
		EC86CE882B88ADD0000EDCC0 /* IRAOtpVerificationView.swift */ = {isa = PBXFileReference; lastKnownFileType = sourcecode.swift; path = IRAOtpVerificationView.swift; sourceTree = "<group>"; };
		EC86CE8A2B88AE0F000EDCC0 /* IRADashboardView.swift */ = {isa = PBXFileReference; lastKnownFileType = sourcecode.swift; path = IRADashboardView.swift; sourceTree = "<group>"; };
		EC86CE8C2B88CDC9000EDCC0 /* IRACustomHeaderView.swift */ = {isa = PBXFileReference; lastKnownFileType = sourcecode.swift; path = IRACustomHeaderView.swift; sourceTree = "<group>"; };
		EC86CE8E2B88D033000EDCC0 /* IRACustomTextFieldView.swift */ = {isa = PBXFileReference; lastKnownFileType = sourcecode.swift; path = IRACustomTextFieldView.swift; sourceTree = "<group>"; };
		EC97962B2B85D592002EFDC0 /* InstantRecipeApp.app */ = {isa = PBXFileReference; explicitFileType = wrapper.application; includeInIndex = 0; path = InstantRecipeApp.app; sourceTree = BUILT_PRODUCTS_DIR; };
		EC97962E2B85D592002EFDC0 /* InstantRecipeAppApp.swift */ = {isa = PBXFileReference; lastKnownFileType = sourcecode.swift; path = InstantRecipeAppApp.swift; sourceTree = "<group>"; };
		EC9796302B85D592002EFDC0 /* ContentView.swift */ = {isa = PBXFileReference; lastKnownFileType = sourcecode.swift; path = ContentView.swift; sourceTree = "<group>"; };
		EC9796322B85D594002EFDC0 /* Assets.xcassets */ = {isa = PBXFileReference; lastKnownFileType = folder.assetcatalog; path = Assets.xcassets; sourceTree = "<group>"; };
		EC9796352B85D594002EFDC0 /* Preview Assets.xcassets */ = {isa = PBXFileReference; lastKnownFileType = folder.assetcatalog; path = "Preview Assets.xcassets"; sourceTree = "<group>"; };
		EC9796372B85D594002EFDC0 /* Persistence.swift */ = {isa = PBXFileReference; lastKnownFileType = sourcecode.swift; path = Persistence.swift; sourceTree = "<group>"; };
		EC97963A2B85D594002EFDC0 /* InstantRecipeApp.xcdatamodel */ = {isa = PBXFileReference; lastKnownFileType = wrapper.xcdatamodel; path = InstantRecipeApp.xcdatamodel; sourceTree = "<group>"; };
		EC9796442B85D610002EFDC0 /* IRASignInView.swift */ = {isa = PBXFileReference; lastKnownFileType = sourcecode.swift; path = IRASignInView.swift; sourceTree = "<group>"; };
		EC9796462B85D664002EFDC0 /* IRAAuthViewModel.swift */ = {isa = PBXFileReference; lastKnownFileType = sourcecode.swift; path = IRAAuthViewModel.swift; sourceTree = "<group>"; };
		EC9796482B86710C002EFDC0 /* IRAOnboardingView.swift */ = {isa = PBXFileReference; lastKnownFileType = sourcecode.swift; path = IRAOnboardingView.swift; sourceTree = "<group>"; };
		EC9D5B8E2B8C6E180040511C /* IRAOTPViewModel.swift */ = {isa = PBXFileReference; lastKnownFileType = sourcecode.swift; path = IRAOTPViewModel.swift; sourceTree = "<group>"; };
		ECA157132B8E2C3A0031B57D /* IRAPasswordCriteriaListView.swift */ = {isa = PBXFileReference; lastKnownFileType = sourcecode.swift; path = IRAPasswordCriteriaListView.swift; sourceTree = "<group>"; };
		ECA157152B8E2C4C0031B57D /* IRAPasswordCriteriaItemView.swift */ = {isa = PBXFileReference; lastKnownFileType = sourcecode.swift; path = IRAPasswordCriteriaItemView.swift; sourceTree = "<group>"; };
		ECA157172B8E31BD0031B57D /* IRAResetPasswordView.swift */ = {isa = PBXFileReference; lastKnownFileType = sourcecode.swift; path = IRAResetPasswordView.swift; sourceTree = "<group>"; };
		ECA157192B8E51360031B57D /* IRAProfileView.swift */ = {isa = PBXFileReference; lastKnownFileType = sourcecode.swift; path = IRAProfileView.swift; sourceTree = "<group>"; };
		ECA1571B2B8E5CB70031B57D /* IRASearchView.swift */ = {isa = PBXFileReference; lastKnownFileType = sourcecode.swift; path = IRASearchView.swift; sourceTree = "<group>"; };
		ECA1DB522C1EB91700A8054C /* AppWriteClientConfig.swift */ = {isa = PBXFileReference; lastKnownFileType = sourcecode.swift; path = AppWriteClientConfig.swift; sourceTree = "<group>"; };
		ECA1DB552C1EC01300A8054C /* AppEnums.swift */ = {isa = PBXFileReference; lastKnownFileType = sourcecode.swift; path = AppEnums.swift; sourceTree = "<group>"; };
		ECA1DB572C1ECF7D00A8054C /* IRAToastView.swift */ = {isa = PBXFileReference; lastKnownFileType = sourcecode.swift; path = IRAToastView.swift; sourceTree = "<group>"; };
		ECA1DB592C1F5C8100A8054C /* FocusElementEnums.swift */ = {isa = PBXFileReference; lastKnownFileType = sourcecode.swift; path = FocusElementEnums.swift; sourceTree = "<group>"; };
		ECAEC1FF2B964C0C00FC9B4B /* IRAAddEditRecipeView.swift */ = {isa = PBXFileReference; lastKnownFileType = sourcecode.swift; path = IRAAddEditRecipeView.swift; sourceTree = "<group>"; };
		ECC8B66F2C516DD20064CF6A /* AppDependency.swift */ = {isa = PBXFileReference; lastKnownFileType = sourcecode.swift; path = AppDependency.swift; sourceTree = "<group>"; };
		ECC8B6712C516EAC0064CF6A /* AppRouterGroup.swift */ = {isa = PBXFileReference; lastKnownFileType = sourcecode.swift; path = AppRouterGroup.swift; sourceTree = "<group>"; };
		ECC8B6732C51703B0064CF6A /* IRAOnboardingRouteBuilder.swift */ = {isa = PBXFileReference; lastKnownFileType = sourcecode.swift; path = IRAOnboardingRouteBuilder.swift; sourceTree = "<group>"; };
		ECC8B6752C5171D80064CF6A /* AppDelegate.swift */ = {isa = PBXFileReference; lastKnownFileType = sourcecode.swift; path = AppDelegate.swift; sourceTree = "<group>"; };
		ECC8B6782C5175600064CF6A /* IRASignInRouteBuilder.swift */ = {isa = PBXFileReference; lastKnownFileType = sourcecode.swift; path = IRASignInRouteBuilder.swift; sourceTree = "<group>"; };
		ECC8B67A2C5179410064CF6A /* IRAHomeRouteBuilder.swift */ = {isa = PBXFileReference; lastKnownFileType = sourcecode.swift; path = IRAHomeRouteBuilder.swift; sourceTree = "<group>"; };
		ECC8B67C2C5214150064CF6A /* IRAProfileViewRouteBuilder.swift */ = {isa = PBXFileReference; lastKnownFileType = sourcecode.swift; path = IRAProfileViewRouteBuilder.swift; sourceTree = "<group>"; };
		ECC8B67E2C5234910064CF6A /* IRASearchRouteBuilder.swift */ = {isa = PBXFileReference; lastKnownFileType = sourcecode.swift; path = IRASearchRouteBuilder.swift; sourceTree = "<group>"; };
		ECC8B6812C5248690064CF6A /* IRAHomeViewModel.swift */ = {isa = PBXFileReference; lastKnownFileType = sourcecode.swift; path = IRAHomeViewModel.swift; sourceTree = "<group>"; };
		ECC8B6842C5249C80064CF6A /* IRAProfileViewModel.swift */ = {isa = PBXFileReference; lastKnownFileType = sourcecode.swift; path = IRAProfileViewModel.swift; sourceTree = "<group>"; };
		ECC8B6872C5257600064CF6A /* IRAProfileDetailModel.swift */ = {isa = PBXFileReference; lastKnownFileType = sourcecode.swift; path = IRAProfileDetailModel.swift; sourceTree = "<group>"; };
		ECC8B68B2C5267B70064CF6A /* IRARecipeItemView.swift */ = {isa = PBXFileReference; lastKnownFileType = sourcecode.swift; path = IRARecipeItemView.swift; sourceTree = "<group>"; };
		ECC8B68D2C527A830064CF6A /* IRARecipeDetailView.swift */ = {isa = PBXFileReference; lastKnownFileType = sourcecode.swift; path = IRARecipeDetailView.swift; sourceTree = "<group>"; };
		ECC8B68F2C527A9D0064CF6A /* IRARecipeDetailRouteBuilder.swift */ = {isa = PBXFileReference; lastKnownFileType = sourcecode.swift; path = IRARecipeDetailRouteBuilder.swift; sourceTree = "<group>"; };
		ECC8B6932C528FD50064CF6A /* IRAAddEditRecipeRouteBuilder.swift */ = {isa = PBXFileReference; lastKnownFileType = sourcecode.swift; path = IRAAddEditRecipeRouteBuilder.swift; sourceTree = "<group>"; };
		ECC8B6962C5291410064CF6A /* IRAAddEditRecipeViewModel.swift */ = {isa = PBXFileReference; lastKnownFileType = sourcecode.swift; path = IRAAddEditRecipeViewModel.swift; sourceTree = "<group>"; };
		ECC8B6982C52914C0064CF6A /* IRARecipeDetailViewModel.swift */ = {isa = PBXFileReference; lastKnownFileType = sourcecode.swift; path = IRARecipeDetailViewModel.swift; sourceTree = "<group>"; };
		ECC8B69B2C529CC50064CF6A /* IRAPhotoPickerView.swift */ = {isa = PBXFileReference; lastKnownFileType = sourcecode.swift; path = IRAPhotoPickerView.swift; sourceTree = "<group>"; };
		ECC8B69E2C53A7AB0064CF6A /* IRAHelpers.swift */ = {isa = PBXFileReference; lastKnownFileType = sourcecode.swift; path = IRAHelpers.swift; sourceTree = "<group>"; };
		ECC8B6A02C53AB2B0064CF6A /* IRASwiftUISliderView.swift */ = {isa = PBXFileReference; lastKnownFileType = sourcecode.swift; path = IRASwiftUISliderView.swift; sourceTree = "<group>"; };
		ECC8B6A22C53ABA60064CF6A /* IRACookingDurationView.swift */ = {isa = PBXFileReference; lastKnownFileType = sourcecode.swift; path = IRACookingDurationView.swift; sourceTree = "<group>"; };
		ECC8B6A42C53BF370064CF6A /* IRACategorySelectionView.swift */ = {isa = PBXFileReference; lastKnownFileType = sourcecode.swift; path = IRACategorySelectionView.swift; sourceTree = "<group>"; };
		ECC8B6A62C53E6BF0064CF6A /* IRACustomTextEditorView.swift */ = {isa = PBXFileReference; lastKnownFileType = sourcecode.swift; path = IRACustomTextEditorView.swift; sourceTree = "<group>"; };
		ECC8B6A82C5402B10064CF6A /* IRARecipeUploadSuccessView.swift */ = {isa = PBXFileReference; lastKnownFileType = sourcecode.swift; path = IRARecipeUploadSuccessView.swift; sourceTree = "<group>"; };
		ECC8B6AA2C5402E80064CF6A /* IRARecipeUploadSuccessRouteBuilder.swift */ = {isa = PBXFileReference; lastKnownFileType = sourcecode.swift; path = IRARecipeUploadSuccessRouteBuilder.swift; sourceTree = "<group>"; };
		ECC8B6AD2C5415F60064CF6A /* IRARecipeDetailModel.swift */ = {isa = PBXFileReference; lastKnownFileType = sourcecode.swift; path = IRARecipeDetailModel.swift; sourceTree = "<group>"; };
		ECC8B6AF2C541E4F0064CF6A /* IRACurrentTimeUtil.swift */ = {isa = PBXFileReference; lastKnownFileType = sourcecode.swift; path = IRACurrentTimeUtil.swift; sourceTree = "<group>"; };
		ECF8718E2B8BB129006D1027 /* IRACustomButton.swift */ = {isa = PBXFileReference; lastKnownFileType = sourcecode.swift; path = IRACustomButton.swift; sourceTree = "<group>"; };
/* End PBXFileReference section */

/* Begin PBXFrameworksBuildPhase section */
		EC9796282B85D592002EFDC0 /* Frameworks */ = {
			isa = PBXFrameworksBuildPhase;
			buildActionMask = 2147483647;
			files = (
				642CEB4B797396E6BC9C1072 /* Pods_InstantRecipeApp.framework in Frameworks */,
				ECC8B66E2C516B270064CF6A /* LinkNavigator in Frameworks */,
				EC0635BA2C27455000ED7BFE /* UIPilot in Frameworks */,
				ECF871922B8BB7B9006D1027 /* OTPView in Frameworks */,
				ECC8B6B32C54F0890064CF6A /* AnyCodable in Frameworks */,
				ECA1DB512C1E0FA400A8054C /* Appwrite in Frameworks */,
			);
			runOnlyForDeploymentPostprocessing = 0;
		};
/* End PBXFrameworksBuildPhase section */

/* Begin PBXGroup section */
		7EFBA23ED87F37D7B1A2DAE1 /* Pods */ = {
			isa = PBXGroup;
			children = (
				4D1587413A6F69ADEA4663BB /* Pods-InstantRecipeApp.debug.xcconfig */,
				0601E419B496E778D07F50E5 /* Pods-InstantRecipeApp.release.xcconfig */,
			);
			path = Pods;
			sourceTree = "<group>";
		};
		C5156D35E4531CD0DCF39565 /* Frameworks */ = {
			isa = PBXGroup;
			children = (
				82EEF4EC0BA20680E2EB6A1F /* Pods_InstantRecipeApp.framework */,
			);
			name = Frameworks;
			sourceTree = "<group>";
		};
		EC0635B32C249F1500ED7BFE /* NavigationConfig */ = {
			isa = PBXGroup;
			children = (
				EC0635B42C249F2500ED7BFE /* RoutingConfig.swift */,
				EC0635BB2C27458E00ED7BFE /* AppRoute.swift */,
				ECC8B66F2C516DD20064CF6A /* AppDependency.swift */,
				ECC8B6712C516EAC0064CF6A /* AppRouterGroup.swift */,
			);
			path = NavigationConfig;
			sourceTree = "<group>";
		};
		EC1B7E8C2B92F1BF005E0C30 /* Extensions */ = {
			isa = PBXGroup;
			children = (
				EC1B7E8D2B92F1DF005E0C30 /* IRAUIColorExtension.swift */,
				EC0635B62C24A75500ED7BFE /* ViewExtension.swift */,
			);
			path = Extensions;
			sourceTree = "<group>";
		};
		EC1B7E8F2B9399F3005E0C30 /* Views */ = {
			isa = PBXGroup;
			children = (
				EC1B7E902B939A3B005E0C30 /* IRAProfileImageView.swift */,
			);
			path = Views;
			sourceTree = "<group>";
		};
		EC9796222B85D592002EFDC0 = {
			isa = PBXGroup;
			children = (
				EC97962D2B85D592002EFDC0 /* InstantRecipeApp */,
				EC97962C2B85D592002EFDC0 /* Products */,
				7EFBA23ED87F37D7B1A2DAE1 /* Pods */,
				C5156D35E4531CD0DCF39565 /* Frameworks */,
			);
			sourceTree = "<group>";
		};
		EC97962C2B85D592002EFDC0 /* Products */ = {
			isa = PBXGroup;
			children = (
				EC97962B2B85D592002EFDC0 /* InstantRecipeApp.app */,
			);
			name = Products;
			sourceTree = "<group>";
		};
		EC97962D2B85D592002EFDC0 /* InstantRecipeApp */ = {
			isa = PBXGroup;
			children = (
				ECA157292B8F16390031B57D /* Common */,
				ECA157202B8F14AA0031B57D /* Features */,
				ECA157122B8E2B710031B57D /* SupportingFiles */,
				ECA1571E2B8F146F0031B57D /* Config */,
				EC9796392B85D594002EFDC0 /* InstantRecipeApp.xcdatamodeld */,
			);
			path = InstantRecipeApp;
			sourceTree = "<group>";
		};
		ECA157122B8E2B710031B57D /* SupportingFiles */ = {
			isa = PBXGroup;
			children = (
				EC97962E2B85D592002EFDC0 /* InstantRecipeAppApp.swift */,
				EC9796302B85D592002EFDC0 /* ContentView.swift */,
				EC9796372B85D594002EFDC0 /* Persistence.swift */,
				EC9796322B85D594002EFDC0 /* Assets.xcassets */,
				EC9796352B85D594002EFDC0 /* Preview Assets.xcassets */,
				ECC8B6752C5171D80064CF6A /* AppDelegate.swift */,
			);
			path = SupportingFiles;
			sourceTree = "<group>";
		};
		ECA1571E2B8F146F0031B57D /* Config */ = {
			isa = PBXGroup;
			children = (
				EC0635B32C249F1500ED7BFE /* NavigationConfig */,
				ECA157212B8F14B00031B57D /* Utilities */,
				ECA1DB522C1EB91700A8054C /* AppWriteClientConfig.swift */,
			);
			path = Config;
			sourceTree = "<group>";
		};
		ECA157202B8F14AA0031B57D /* Features */ = {
			isa = PBXGroup;
			children = (
				ECAEC1FD2B964BF000FC9B4B /* Recipe */,
				ECA1572F2B8F16CA0031B57D /* Profile */,
				ECA1572D2B8F16B80031B57D /* Dashboard */,
				ECA157242B8F14DD0031B57D /* Home */,
				ECA157232B8F14CA0031B57D /* Auth */,
				ECA157222B8F14C30031B57D /* Onboarding */,
			);
			path = Features;
			sourceTree = "<group>";
		};
		ECA157212B8F14B00031B57D /* Utilities */ = {
			isa = PBXGroup;
			children = (
				ECC8B69D2C53A7960064CF6A /* Helpers */,
				ECA1DB542C1EC00700A8054C /* Enums */,
				EC1B7E8C2B92F1BF005E0C30 /* Extensions */,
			);
			path = Utilities;
			sourceTree = "<group>";
		};
		ECA157222B8F14C30031B57D /* Onboarding */ = {
			isa = PBXGroup;
			children = (
				ECA157272B8F15C10031B57D /* Screens */,
				ECC8B6732C51703B0064CF6A /* IRAOnboardingRouteBuilder.swift */,
			);
			path = Onboarding;
			sourceTree = "<group>";
		};
		ECA157232B8F14CA0031B57D /* Auth */ = {
			isa = PBXGroup;
			children = (
				ECC8B6772C51754F0064CF6A /* AuthRouteBuilder */,
				ECA1572C2B8F168E0031B57D /* Views */,
				ECA157262B8F151B0031B57D /* ViewModels */,
				ECA157252B8F15100031B57D /* Screens */,
			);
			path = Auth;
			sourceTree = "<group>";
		};
		ECA157242B8F14DD0031B57D /* Home */ = {
			isa = PBXGroup;
			children = (
				ECC8B6912C527AAA0064CF6A /* HomeRouteBuilder */,
				ECC8B6802C5248580064CF6A /* ViewModels */,
				ECA157282B8F15D50031B57D /* Screens */,
			);
			path = Home;
			sourceTree = "<group>";
		};
		ECA157252B8F15100031B57D /* Screens */ = {
			isa = PBXGroup;
			children = (
				EC9796442B85D610002EFDC0 /* IRASignInView.swift */,
				EC86CE842B88AD60000EDCC0 /* IRASignUpView.swift */,
				EC86CE862B88ADB9000EDCC0 /* IRAForgotPasswordView.swift */,
				EC86CE882B88ADD0000EDCC0 /* IRAOtpVerificationView.swift */,
				ECA157172B8E31BD0031B57D /* IRAResetPasswordView.swift */,
			);
			path = Screens;
			sourceTree = "<group>";
		};
		ECA157262B8F151B0031B57D /* ViewModels */ = {
			isa = PBXGroup;
			children = (
				EC9796462B85D664002EFDC0 /* IRAAuthViewModel.swift */,
				EC9D5B8E2B8C6E180040511C /* IRAOTPViewModel.swift */,
			);
			path = ViewModels;
			sourceTree = "<group>";
		};
		ECA157272B8F15C10031B57D /* Screens */ = {
			isa = PBXGroup;
			children = (
				EC9796482B86710C002EFDC0 /* IRAOnboardingView.swift */,
			);
			path = Screens;
			sourceTree = "<group>";
		};
		ECA157282B8F15D50031B57D /* Screens */ = {
			isa = PBXGroup;
			children = (
				ECA1571B2B8E5CB70031B57D /* IRASearchView.swift */,
				EC06B8B72B886E8E00905DAF /* IRAHomeView.swift */,
			);
			path = Screens;
			sourceTree = "<group>";
		};
		ECA157292B8F16390031B57D /* Common */ = {
			isa = PBXGroup;
			children = (
				ECA1572A2B8F16410031B57D /* Views */,
			);
			path = Common;
			sourceTree = "<group>";
		};
		ECA1572A2B8F16410031B57D /* Views */ = {
			isa = PBXGroup;
			children = (
				EC06B8B52B87D59C00905DAF /* IRACustomNavigationView.swift */,
				EC86CE8C2B88CDC9000EDCC0 /* IRACustomHeaderView.swift */,
				EC86CE8E2B88D033000EDCC0 /* IRACustomTextFieldView.swift */,
				EC466D182B8A6806009AE28D /* IRABackButtonView.swift */,
				ECF8718E2B8BB129006D1027 /* IRACustomButton.swift */,
				ECA1DB572C1ECF7D00A8054C /* IRAToastView.swift */,
				ECC8B68B2C5267B70064CF6A /* IRARecipeItemView.swift */,
				ECC8B6A02C53AB2B0064CF6A /* IRASwiftUISliderView.swift */,
				ECC8B6A22C53ABA60064CF6A /* IRACookingDurationView.swift */,
				ECC8B6A42C53BF370064CF6A /* IRACategorySelectionView.swift */,
			);
			path = Views;
			sourceTree = "<group>";
		};
		ECA1572C2B8F168E0031B57D /* Views */ = {
			isa = PBXGroup;
			children = (
				ECA157132B8E2C3A0031B57D /* IRAPasswordCriteriaListView.swift */,
				ECA157152B8E2C4C0031B57D /* IRAPasswordCriteriaItemView.swift */,
			);
			path = Views;
			sourceTree = "<group>";
		};
		ECA1572D2B8F16B80031B57D /* Dashboard */ = {
			isa = PBXGroup;
			children = (
				ECA1572E2B8F16C00031B57D /* Screens */,
			);
			path = Dashboard;
			sourceTree = "<group>";
		};
		ECA1572E2B8F16C00031B57D /* Screens */ = {
			isa = PBXGroup;
			children = (
				EC86CE8A2B88AE0F000EDCC0 /* IRADashboardView.swift */,
			);
			path = Screens;
			sourceTree = "<group>";
		};
		ECA1572F2B8F16CA0031B57D /* Profile */ = {
			isa = PBXGroup;
			children = (
				ECC8B6862C52574F0064CF6A /* Model */,
				ECC8B6832C5249970064CF6A /* ViewModel */,
				EC1B7E8F2B9399F3005E0C30 /* Views */,
				ECA157302B8F16D00031B57D /* Screens */,
				ECC8B67C2C5214150064CF6A /* IRAProfileViewRouteBuilder.swift */,
			);
			path = Profile;
			sourceTree = "<group>";
		};
		ECA157302B8F16D00031B57D /* Screens */ = {
			isa = PBXGroup;
			children = (
				ECA157192B8E51360031B57D /* IRAProfileView.swift */,
			);
			path = Screens;
			sourceTree = "<group>";
		};
		ECA1DB542C1EC00700A8054C /* Enums */ = {
			isa = PBXGroup;
			children = (
				ECA1DB552C1EC01300A8054C /* AppEnums.swift */,
				ECA1DB592C1F5C8100A8054C /* FocusElementEnums.swift */,
				EC0635B12C220A9C00ED7BFE /* ToastTypeEnums.swift */,
			);
			path = Enums;
			sourceTree = "<group>";
		};
		ECAEC1FD2B964BF000FC9B4B /* Recipe */ = {
			isa = PBXGroup;
			children = (
				ECC8B6AC2C5415E20064CF6A /* Model */,
				ECC8B69A2C529CB10064CF6A /* View */,
				ECC8B6952C52912A0064CF6A /* ViewModels */,
				ECC8B6922C527AC30064CF6A /* RecipeRouteBuilder */,
				ECAEC1FE2B964BF600FC9B4B /* Screens */,
			);
			path = Recipe;
			sourceTree = "<group>";
		};
		ECAEC1FE2B964BF600FC9B4B /* Screens */ = {
			isa = PBXGroup;
			children = (
				ECAEC1FF2B964C0C00FC9B4B /* IRAAddEditRecipeView.swift */,
				ECC8B68D2C527A830064CF6A /* IRARecipeDetailView.swift */,
			);
			path = Screens;
			sourceTree = "<group>";
		};
		ECC8B6772C51754F0064CF6A /* AuthRouteBuilder */ = {
			isa = PBXGroup;
			children = (
				ECC8B6782C5175600064CF6A /* IRASignInRouteBuilder.swift */,
			);
			path = AuthRouteBuilder;
			sourceTree = "<group>";
		};
		ECC8B6802C5248580064CF6A /* ViewModels */ = {
			isa = PBXGroup;
			children = (
				ECC8B6812C5248690064CF6A /* IRAHomeViewModel.swift */,
			);
			path = ViewModels;
			sourceTree = "<group>";
		};
		ECC8B6832C5249970064CF6A /* ViewModel */ = {
			isa = PBXGroup;
			children = (
				ECC8B6842C5249C80064CF6A /* IRAProfileViewModel.swift */,
			);
			path = ViewModel;
			sourceTree = "<group>";
		};
		ECC8B6862C52574F0064CF6A /* Model */ = {
			isa = PBXGroup;
			children = (
				ECC8B6872C5257600064CF6A /* IRAProfileDetailModel.swift */,
			);
			path = Model;
			sourceTree = "<group>";
		};
		ECC8B6912C527AAA0064CF6A /* HomeRouteBuilder */ = {
			isa = PBXGroup;
			children = (
				ECC8B67A2C5179410064CF6A /* IRAHomeRouteBuilder.swift */,
				ECC8B67E2C5234910064CF6A /* IRASearchRouteBuilder.swift */,
			);
			path = HomeRouteBuilder;
			sourceTree = "<group>";
		};
		ECC8B6922C527AC30064CF6A /* RecipeRouteBuilder */ = {
			isa = PBXGroup;
			children = (
				ECC8B68F2C527A9D0064CF6A /* IRARecipeDetailRouteBuilder.swift */,
				ECC8B6932C528FD50064CF6A /* IRAAddEditRecipeRouteBuilder.swift */,
				ECC8B6AA2C5402E80064CF6A /* IRARecipeUploadSuccessRouteBuilder.swift */,
			);
			path = RecipeRouteBuilder;
			sourceTree = "<group>";
		};
		ECC8B6952C52912A0064CF6A /* ViewModels */ = {
			isa = PBXGroup;
			children = (
				ECC8B6962C5291410064CF6A /* IRAAddEditRecipeViewModel.swift */,
				ECC8B6982C52914C0064CF6A /* IRARecipeDetailViewModel.swift */,
			);
			path = ViewModels;
			sourceTree = "<group>";
		};
		ECC8B69A2C529CB10064CF6A /* View */ = {
			isa = PBXGroup;
			children = (
				ECC8B69B2C529CC50064CF6A /* IRAPhotoPickerView.swift */,
				ECC8B6A62C53E6BF0064CF6A /* IRACustomTextEditorView.swift */,
				ECC8B6A82C5402B10064CF6A /* IRARecipeUploadSuccessView.swift */,
			);
			path = View;
			sourceTree = "<group>";
		};
		ECC8B69D2C53A7960064CF6A /* Helpers */ = {
			isa = PBXGroup;
			children = (
				ECC8B69E2C53A7AB0064CF6A /* IRAHelpers.swift */,
				ECC8B6AF2C541E4F0064CF6A /* IRACurrentTimeUtil.swift */,
			);
			path = Helpers;
			sourceTree = "<group>";
		};
		ECC8B6AC2C5415E20064CF6A /* Model */ = {
			isa = PBXGroup;
			children = (
				ECC8B6AD2C5415F60064CF6A /* IRARecipeDetailModel.swift */,
			);
			path = Model;
			sourceTree = "<group>";
		};
/* End PBXGroup section */

/* Begin PBXNativeTarget section */
		EC97962A2B85D592002EFDC0 /* InstantRecipeApp */ = {
			isa = PBXNativeTarget;
			buildConfigurationList = EC97963E2B85D594002EFDC0 /* Build configuration list for PBXNativeTarget "InstantRecipeApp" */;
			buildPhases = (
				5D688B5D77185DD6293BAF50 /* [CP] Check Pods Manifest.lock */,
				EC9796272B85D592002EFDC0 /* Sources */,
				EC9796282B85D592002EFDC0 /* Frameworks */,
				EC9796292B85D592002EFDC0 /* Resources */,
			);
			buildRules = (
			);
			dependencies = (
			);
			name = InstantRecipeApp;
			packageProductDependencies = (
				ECF871912B8BB7B9006D1027 /* OTPView */,
				ECA1DB502C1E0FA400A8054C /* Appwrite */,
				EC0635B92C27455000ED7BFE /* UIPilot */,
				ECC8B66D2C516B270064CF6A /* LinkNavigator */,
				ECC8B6B22C54F0890064CF6A /* AnyCodable */,
			);
			productName = InstantRecipeApp;
			productReference = EC97962B2B85D592002EFDC0 /* InstantRecipeApp.app */;
			productType = "com.apple.product-type.application";
		};
/* End PBXNativeTarget section */

/* Begin PBXProject section */
		EC9796232B85D592002EFDC0 /* Project object */ = {
			isa = PBXProject;
			attributes = {
				BuildIndependentTargetsInParallel = 1;
				LastSwiftUpdateCheck = 1520;
				LastUpgradeCheck = 1520;
				TargetAttributes = {
					EC97962A2B85D592002EFDC0 = {
						CreatedOnToolsVersion = 15.2;
					};
				};
			};
			buildConfigurationList = EC9796262B85D592002EFDC0 /* Build configuration list for PBXProject "InstantRecipeApp" */;
			compatibilityVersion = "Xcode 14.0";
			developmentRegion = en;
			hasScannedForEncodings = 0;
			knownRegions = (
				en,
				Base,
			);
			mainGroup = EC9796222B85D592002EFDC0;
			packageReferences = (
				ECF871902B8BB7B9006D1027 /* XCRemoteSwiftPackageReference "otpview-swiftui" */,
				ECA1DB4F2C1E0FA400A8054C /* XCRemoteSwiftPackageReference "sdk-for-apple" */,
				EC0635B82C27455000ED7BFE /* XCRemoteSwiftPackageReference "UIPilot" */,
				ECC8B66C2C516B270064CF6A /* XCRemoteSwiftPackageReference "LinkNavigator" */,
				ECC8B6B12C54F0890064CF6A /* XCRemoteSwiftPackageReference "AnyCodable" */,
			);
			productRefGroup = EC97962C2B85D592002EFDC0 /* Products */;
			projectDirPath = "";
			projectRoot = "";
			targets = (
				EC97962A2B85D592002EFDC0 /* InstantRecipeApp */,
			);
		};
/* End PBXProject section */

/* Begin PBXResourcesBuildPhase section */
		EC9796292B85D592002EFDC0 /* Resources */ = {
			isa = PBXResourcesBuildPhase;
			buildActionMask = 2147483647;
			files = (
				EC9796362B85D594002EFDC0 /* Preview Assets.xcassets in Resources */,
				EC9796332B85D594002EFDC0 /* Assets.xcassets in Resources */,
			);
			runOnlyForDeploymentPostprocessing = 0;
		};
/* End PBXResourcesBuildPhase section */

/* Begin PBXShellScriptBuildPhase section */
		5D688B5D77185DD6293BAF50 /* [CP] Check Pods Manifest.lock */ = {
			isa = PBXShellScriptBuildPhase;
			buildActionMask = 2147483647;
			files = (
			);
			inputFileListPaths = (
			);
			inputPaths = (
				"${PODS_PODFILE_DIR_PATH}/Podfile.lock",
				"${PODS_ROOT}/Manifest.lock",
			);
			name = "[CP] Check Pods Manifest.lock";
			outputFileListPaths = (
			);
			outputPaths = (
				"$(DERIVED_FILE_DIR)/Pods-InstantRecipeApp-checkManifestLockResult.txt",
			);
			runOnlyForDeploymentPostprocessing = 0;
			shellPath = /bin/sh;
			shellScript = "diff \"${PODS_PODFILE_DIR_PATH}/Podfile.lock\" \"${PODS_ROOT}/Manifest.lock\" > /dev/null\nif [ $? != 0 ] ; then\n    # print error to STDERR\n    echo \"error: The sandbox is not in sync with the Podfile.lock. Run 'pod install' or update your CocoaPods installation.\" >&2\n    exit 1\nfi\n# This output is used by Xcode 'outputs' to avoid re-running this script phase.\necho \"SUCCESS\" > \"${SCRIPT_OUTPUT_FILE_0}\"\n";
			showEnvVarsInLog = 0;
		};
/* End PBXShellScriptBuildPhase section */

/* Begin PBXSourcesBuildPhase section */
		EC9796272B85D592002EFDC0 /* Sources */ = {
			isa = PBXSourcesBuildPhase;
			buildActionMask = 2147483647;
			files = (
				ECC8B68E2C527A830064CF6A /* IRARecipeDetailView.swift in Sources */,
				ECC8B67D2C5214150064CF6A /* IRAProfileViewRouteBuilder.swift in Sources */,
				EC86CE892B88ADD0000EDCC0 /* IRAOtpVerificationView.swift in Sources */,
				ECC8B6AB2C5402E80064CF6A /* IRARecipeUploadSuccessRouteBuilder.swift in Sources */,
				EC9796382B85D594002EFDC0 /* Persistence.swift in Sources */,
				ECC8B6762C5171D80064CF6A /* AppDelegate.swift in Sources */,
				EC86CE852B88AD60000EDCC0 /* IRASignUpView.swift in Sources */,
				EC9796312B85D592002EFDC0 /* ContentView.swift in Sources */,
				ECC8B6992C52914C0064CF6A /* IRARecipeDetailViewModel.swift in Sources */,
				EC86CE872B88ADB9000EDCC0 /* IRAForgotPasswordView.swift in Sources */,
				EC86CE8D2B88CDC9000EDCC0 /* IRACustomHeaderView.swift in Sources */,
				ECC8B6A92C5402B10064CF6A /* IRARecipeUploadSuccessView.swift in Sources */,
				ECC8B6942C528FD50064CF6A /* IRAAddEditRecipeRouteBuilder.swift in Sources */,
				ECC8B6702C516DD20064CF6A /* AppDependency.swift in Sources */,
				EC0635B72C24A75500ED7BFE /* ViewExtension.swift in Sources */,
				EC1B7E8E2B92F1DF005E0C30 /* IRAUIColorExtension.swift in Sources */,
				EC466D192B8A6806009AE28D /* IRABackButtonView.swift in Sources */,
				EC9D5B8F2B8C6E180040511C /* IRAOTPViewModel.swift in Sources */,
				EC0635B22C220A9C00ED7BFE /* ToastTypeEnums.swift in Sources */,
				EC06B8B62B87D59C00905DAF /* IRACustomNavigationView.swift in Sources */,
				ECC8B69C2C529CC50064CF6A /* IRAPhotoPickerView.swift in Sources */,
				EC86CE8F2B88D033000EDCC0 /* IRACustomTextFieldView.swift in Sources */,
				EC0635B52C249F2500ED7BFE /* RoutingConfig.swift in Sources */,
				ECAEC2002B964C0C00FC9B4B /* IRAAddEditRecipeView.swift in Sources */,
				ECA1DB532C1EB91700A8054C /* AppWriteClientConfig.swift in Sources */,
				ECA157142B8E2C3A0031B57D /* IRAPasswordCriteriaListView.swift in Sources */,
				ECA1DB582C1ECF7D00A8054C /* IRAToastView.swift in Sources */,
				EC06B8B82B886E8E00905DAF /* IRAHomeView.swift in Sources */,
				ECC8B6A12C53AB2B0064CF6A /* IRASwiftUISliderView.swift in Sources */,
				ECC8B67F2C5234910064CF6A /* IRASearchRouteBuilder.swift in Sources */,
				ECC8B6A52C53BF370064CF6A /* IRACategorySelectionView.swift in Sources */,
				EC1B7E912B939A3B005E0C30 /* IRAProfileImageView.swift in Sources */,
				ECA157162B8E2C4C0031B57D /* IRAPasswordCriteriaItemView.swift in Sources */,
				ECA1571C2B8E5CB70031B57D /* IRASearchView.swift in Sources */,
				EC97962F2B85D592002EFDC0 /* InstantRecipeAppApp.swift in Sources */,
				EC0635BC2C27458E00ED7BFE /* AppRoute.swift in Sources */,
				EC9796472B85D664002EFDC0 /* IRAAuthViewModel.swift in Sources */,
				ECC8B6AE2C5415F60064CF6A /* IRARecipeDetailModel.swift in Sources */,
				ECC8B67B2C5179410064CF6A /* IRAHomeRouteBuilder.swift in Sources */,
				EC86CE8B2B88AE0F000EDCC0 /* IRADashboardView.swift in Sources */,
				ECA1DB5A2C1F5C8100A8054C /* FocusElementEnums.swift in Sources */,
				ECC8B69F2C53A7AB0064CF6A /* IRAHelpers.swift in Sources */,
				EC9796492B86710C002EFDC0 /* IRAOnboardingView.swift in Sources */,
				ECC8B6A72C53E6BF0064CF6A /* IRACustomTextEditorView.swift in Sources */,
				EC97963B2B85D594002EFDC0 /* InstantRecipeApp.xcdatamodeld in Sources */,
				ECA157182B8E31BD0031B57D /* IRAResetPasswordView.swift in Sources */,
				EC9796452B85D610002EFDC0 /* IRASignInView.swift in Sources */,
				ECC8B6B02C541E4F0064CF6A /* IRACurrentTimeUtil.swift in Sources */,
				ECA1DB562C1EC01300A8054C /* AppEnums.swift in Sources */,
				ECF8718F2B8BB129006D1027 /* IRACustomButton.swift in Sources */,
				ECC8B68C2C5267B70064CF6A /* IRARecipeItemView.swift in Sources */,
				ECC8B6A32C53ABA60064CF6A /* IRACookingDurationView.swift in Sources */,
				ECC8B6742C51703B0064CF6A /* IRAOnboardingRouteBuilder.swift in Sources */,
				ECC8B6822C5248690064CF6A /* IRAHomeViewModel.swift in Sources */,
				ECC8B6722C516EAC0064CF6A /* AppRouterGroup.swift in Sources */,
				ECC8B6902C527A9D0064CF6A /* IRARecipeDetailRouteBuilder.swift in Sources */,
				ECC8B6882C5257600064CF6A /* IRAProfileDetailModel.swift in Sources */,
				ECC8B6852C5249C80064CF6A /* IRAProfileViewModel.swift in Sources */,
				ECC8B6792C5175600064CF6A /* IRASignInRouteBuilder.swift in Sources */,
				ECA1571A2B8E51360031B57D /* IRAProfileView.swift in Sources */,
				ECC8B6972C5291410064CF6A /* IRAAddEditRecipeViewModel.swift in Sources */,
			);
			runOnlyForDeploymentPostprocessing = 0;
		};
/* End PBXSourcesBuildPhase section */

/* Begin XCBuildConfiguration section */
		EC97963C2B85D594002EFDC0 /* Debug */ = {
			isa = XCBuildConfiguration;
			buildSettings = {
				ALWAYS_SEARCH_USER_PATHS = NO;
				ASSETCATALOG_COMPILER_GENERATE_SWIFT_ASSET_SYMBOL_EXTENSIONS = YES;
				CLANG_ANALYZER_NONNULL = YES;
				CLANG_ANALYZER_NUMBER_OBJECT_CONVERSION = YES_AGGRESSIVE;
				CLANG_CXX_LANGUAGE_STANDARD = "gnu++20";
				CLANG_ENABLE_MODULES = YES;
				CLANG_ENABLE_OBJC_ARC = YES;
				CLANG_ENABLE_OBJC_WEAK = YES;
				CLANG_WARN_BLOCK_CAPTURE_AUTORELEASING = YES;
				CLANG_WARN_BOOL_CONVERSION = YES;
				CLANG_WARN_COMMA = YES;
				CLANG_WARN_CONSTANT_CONVERSION = YES;
				CLANG_WARN_DEPRECATED_OBJC_IMPLEMENTATIONS = YES;
				CLANG_WARN_DIRECT_OBJC_ISA_USAGE = YES_ERROR;
				CLANG_WARN_DOCUMENTATION_COMMENTS = YES;
				CLANG_WARN_EMPTY_BODY = YES;
				CLANG_WARN_ENUM_CONVERSION = YES;
				CLANG_WARN_INFINITE_RECURSION = YES;
				CLANG_WARN_INT_CONVERSION = YES;
				CLANG_WARN_NON_LITERAL_NULL_CONVERSION = YES;
				CLANG_WARN_OBJC_IMPLICIT_RETAIN_SELF = YES;
				CLANG_WARN_OBJC_LITERAL_CONVERSION = YES;
				CLANG_WARN_OBJC_ROOT_CLASS = YES_ERROR;
				CLANG_WARN_QUOTED_INCLUDE_IN_FRAMEWORK_HEADER = YES;
				CLANG_WARN_RANGE_LOOP_ANALYSIS = YES;
				CLANG_WARN_STRICT_PROTOTYPES = YES;
				CLANG_WARN_SUSPICIOUS_MOVE = YES;
				CLANG_WARN_UNGUARDED_AVAILABILITY = YES_AGGRESSIVE;
				CLANG_WARN_UNREACHABLE_CODE = YES;
				CLANG_WARN__DUPLICATE_METHOD_MATCH = YES;
				COPY_PHASE_STRIP = NO;
				DEBUG_INFORMATION_FORMAT = dwarf;
				ENABLE_STRICT_OBJC_MSGSEND = YES;
				ENABLE_TESTABILITY = YES;
				ENABLE_USER_SCRIPT_SANDBOXING = YES;
				GCC_C_LANGUAGE_STANDARD = gnu17;
				GCC_DYNAMIC_NO_PIC = NO;
				GCC_NO_COMMON_BLOCKS = YES;
				GCC_OPTIMIZATION_LEVEL = 0;
				GCC_PREPROCESSOR_DEFINITIONS = (
					"DEBUG=1",
					"$(inherited)",
				);
				GCC_WARN_64_TO_32_BIT_CONVERSION = YES;
				GCC_WARN_ABOUT_RETURN_TYPE = YES_ERROR;
				GCC_WARN_UNDECLARED_SELECTOR = YES;
				GCC_WARN_UNINITIALIZED_AUTOS = YES_AGGRESSIVE;
				GCC_WARN_UNUSED_FUNCTION = YES;
				GCC_WARN_UNUSED_VARIABLE = YES;
				IPHONEOS_DEPLOYMENT_TARGET = 17.2;
				LOCALIZATION_PREFERS_STRING_CATALOGS = YES;
				MTL_ENABLE_DEBUG_INFO = INCLUDE_SOURCE;
				MTL_FAST_MATH = YES;
				ONLY_ACTIVE_ARCH = YES;
				SDKROOT = iphoneos;
				SWIFT_ACTIVE_COMPILATION_CONDITIONS = "DEBUG $(inherited)";
				SWIFT_OPTIMIZATION_LEVEL = "-Onone";
			};
			name = Debug;
		};
		EC97963D2B85D594002EFDC0 /* Release */ = {
			isa = XCBuildConfiguration;
			buildSettings = {
				ALWAYS_SEARCH_USER_PATHS = NO;
				ASSETCATALOG_COMPILER_GENERATE_SWIFT_ASSET_SYMBOL_EXTENSIONS = YES;
				CLANG_ANALYZER_NONNULL = YES;
				CLANG_ANALYZER_NUMBER_OBJECT_CONVERSION = YES_AGGRESSIVE;
				CLANG_CXX_LANGUAGE_STANDARD = "gnu++20";
				CLANG_ENABLE_MODULES = YES;
				CLANG_ENABLE_OBJC_ARC = YES;
				CLANG_ENABLE_OBJC_WEAK = YES;
				CLANG_WARN_BLOCK_CAPTURE_AUTORELEASING = YES;
				CLANG_WARN_BOOL_CONVERSION = YES;
				CLANG_WARN_COMMA = YES;
				CLANG_WARN_CONSTANT_CONVERSION = YES;
				CLANG_WARN_DEPRECATED_OBJC_IMPLEMENTATIONS = YES;
				CLANG_WARN_DIRECT_OBJC_ISA_USAGE = YES_ERROR;
				CLANG_WARN_DOCUMENTATION_COMMENTS = YES;
				CLANG_WARN_EMPTY_BODY = YES;
				CLANG_WARN_ENUM_CONVERSION = YES;
				CLANG_WARN_INFINITE_RECURSION = YES;
				CLANG_WARN_INT_CONVERSION = YES;
				CLANG_WARN_NON_LITERAL_NULL_CONVERSION = YES;
				CLANG_WARN_OBJC_IMPLICIT_RETAIN_SELF = YES;
				CLANG_WARN_OBJC_LITERAL_CONVERSION = YES;
				CLANG_WARN_OBJC_ROOT_CLASS = YES_ERROR;
				CLANG_WARN_QUOTED_INCLUDE_IN_FRAMEWORK_HEADER = YES;
				CLANG_WARN_RANGE_LOOP_ANALYSIS = YES;
				CLANG_WARN_STRICT_PROTOTYPES = YES;
				CLANG_WARN_SUSPICIOUS_MOVE = YES;
				CLANG_WARN_UNGUARDED_AVAILABILITY = YES_AGGRESSIVE;
				CLANG_WARN_UNREACHABLE_CODE = YES;
				CLANG_WARN__DUPLICATE_METHOD_MATCH = YES;
				COPY_PHASE_STRIP = NO;
				DEBUG_INFORMATION_FORMAT = "dwarf-with-dsym";
				ENABLE_NS_ASSERTIONS = NO;
				ENABLE_STRICT_OBJC_MSGSEND = YES;
				ENABLE_USER_SCRIPT_SANDBOXING = YES;
				GCC_C_LANGUAGE_STANDARD = gnu17;
				GCC_NO_COMMON_BLOCKS = YES;
				GCC_WARN_64_TO_32_BIT_CONVERSION = YES;
				GCC_WARN_ABOUT_RETURN_TYPE = YES_ERROR;
				GCC_WARN_UNDECLARED_SELECTOR = YES;
				GCC_WARN_UNINITIALIZED_AUTOS = YES_AGGRESSIVE;
				GCC_WARN_UNUSED_FUNCTION = YES;
				GCC_WARN_UNUSED_VARIABLE = YES;
				IPHONEOS_DEPLOYMENT_TARGET = 17.2;
				LOCALIZATION_PREFERS_STRING_CATALOGS = YES;
				MTL_ENABLE_DEBUG_INFO = NO;
				MTL_FAST_MATH = YES;
				SDKROOT = iphoneos;
				SWIFT_COMPILATION_MODE = wholemodule;
				VALIDATE_PRODUCT = YES;
			};
			name = Release;
		};
		EC97963F2B85D594002EFDC0 /* Debug */ = {
			isa = XCBuildConfiguration;
			baseConfigurationReference = 4D1587413A6F69ADEA4663BB /* Pods-InstantRecipeApp.debug.xcconfig */;
			buildSettings = {
				ASSETCATALOG_COMPILER_APPICON_NAME = AppIcon;
				ASSETCATALOG_COMPILER_GLOBAL_ACCENT_COLOR_NAME = AccentColor;
				CODE_SIGN_STYLE = Automatic;
				CURRENT_PROJECT_VERSION = 1;
				DEVELOPMENT_ASSET_PATHS = "\"InstantRecipeApp\"";
				DEVELOPMENT_TEAM = NX4HC3DZ28;
				ENABLE_PREVIEWS = YES;
				GENERATE_INFOPLIST_FILE = YES;
				INFOPLIST_KEY_NSPhotoLibraryUsageDescription = "We need access to your photo library to upload photos.";
				INFOPLIST_KEY_UIApplicationSceneManifest_Generation = YES;
				INFOPLIST_KEY_UIApplicationSupportsIndirectInputEvents = YES;
				INFOPLIST_KEY_UILaunchScreen_Generation = YES;
				INFOPLIST_KEY_UISupportedInterfaceOrientations_iPad = "UIInterfaceOrientationPortrait UIInterfaceOrientationPortraitUpsideDown UIInterfaceOrientationLandscapeLeft UIInterfaceOrientationLandscapeRight";
				INFOPLIST_KEY_UISupportedInterfaceOrientations_iPhone = "UIInterfaceOrientationPortrait UIInterfaceOrientationLandscapeLeft UIInterfaceOrientationLandscapeRight";
				IPHONEOS_DEPLOYMENT_TARGET = 17.0;
				LD_RUNPATH_SEARCH_PATHS = (
					"$(inherited)",
					"@executable_path/Frameworks",
				);
				MARKETING_VERSION = 1.0;
				PRODUCT_BUNDLE_IDENTIFIER = com.technerdy.InstantRecipeApp;
				PRODUCT_NAME = "$(TARGET_NAME)";
				SWIFT_EMIT_LOC_STRINGS = YES;
				SWIFT_VERSION = 5.0;
				TARGETED_DEVICE_FAMILY = "1,2";
			};
			name = Debug;
		};
		EC9796402B85D594002EFDC0 /* Release */ = {
			isa = XCBuildConfiguration;
			baseConfigurationReference = 0601E419B496E778D07F50E5 /* Pods-InstantRecipeApp.release.xcconfig */;
			buildSettings = {
				ASSETCATALOG_COMPILER_APPICON_NAME = AppIcon;
				ASSETCATALOG_COMPILER_GLOBAL_ACCENT_COLOR_NAME = AccentColor;
				CODE_SIGN_STYLE = Automatic;
				CURRENT_PROJECT_VERSION = 1;
				DEVELOPMENT_ASSET_PATHS = "\"InstantRecipeApp\"";
				DEVELOPMENT_TEAM = NX4HC3DZ28;
				ENABLE_PREVIEWS = YES;
				GENERATE_INFOPLIST_FILE = YES;
				INFOPLIST_KEY_NSPhotoLibraryUsageDescription = "We need access to your photo library to upload photos.";
				INFOPLIST_KEY_UIApplicationSceneManifest_Generation = YES;
				INFOPLIST_KEY_UIApplicationSupportsIndirectInputEvents = YES;
				INFOPLIST_KEY_UILaunchScreen_Generation = YES;
				INFOPLIST_KEY_UISupportedInterfaceOrientations_iPad = "UIInterfaceOrientationPortrait UIInterfaceOrientationPortraitUpsideDown UIInterfaceOrientationLandscapeLeft UIInterfaceOrientationLandscapeRight";
				INFOPLIST_KEY_UISupportedInterfaceOrientations_iPhone = "UIInterfaceOrientationPortrait UIInterfaceOrientationLandscapeLeft UIInterfaceOrientationLandscapeRight";
				IPHONEOS_DEPLOYMENT_TARGET = 17.0;
				LD_RUNPATH_SEARCH_PATHS = (
					"$(inherited)",
					"@executable_path/Frameworks",
				);
				MARKETING_VERSION = 1.0;
				PRODUCT_BUNDLE_IDENTIFIER = com.technerdy.InstantRecipeApp;
				PRODUCT_NAME = "$(TARGET_NAME)";
				SWIFT_EMIT_LOC_STRINGS = YES;
				SWIFT_VERSION = 5.0;
				TARGETED_DEVICE_FAMILY = "1,2";
			};
			name = Release;
		};
/* End XCBuildConfiguration section */

/* Begin XCConfigurationList section */
		EC9796262B85D592002EFDC0 /* Build configuration list for PBXProject "InstantRecipeApp" */ = {
			isa = XCConfigurationList;
			buildConfigurations = (
				EC97963C2B85D594002EFDC0 /* Debug */,
				EC97963D2B85D594002EFDC0 /* Release */,
			);
			defaultConfigurationIsVisible = 0;
			defaultConfigurationName = Release;
		};
		EC97963E2B85D594002EFDC0 /* Build configuration list for PBXNativeTarget "InstantRecipeApp" */ = {
			isa = XCConfigurationList;
			buildConfigurations = (
				EC97963F2B85D594002EFDC0 /* Debug */,
				EC9796402B85D594002EFDC0 /* Release */,
			);
			defaultConfigurationIsVisible = 0;
			defaultConfigurationName = Release;
		};
/* End XCConfigurationList section */

/* Begin XCRemoteSwiftPackageReference section */
		EC0635B82C27455000ED7BFE /* XCRemoteSwiftPackageReference "UIPilot" */ = {
			isa = XCRemoteSwiftPackageReference;
			repositoryURL = "https://github.com/canopas/UIPilot.git";
			requirement = {
				kind = upToNextMajorVersion;
				minimumVersion = 2.0.2;
			};
		};
		ECA1DB4F2C1E0FA400A8054C /* XCRemoteSwiftPackageReference "sdk-for-apple" */ = {
			isa = XCRemoteSwiftPackageReference;
			repositoryURL = "https://github.com/appwrite/sdk-for-apple";
			requirement = {
				kind = upToNextMajorVersion;
				minimumVersion = 6.0.0;
			};
		};
		ECC8B66C2C516B270064CF6A /* XCRemoteSwiftPackageReference "LinkNavigator" */ = {
			isa = XCRemoteSwiftPackageReference;
			repositoryURL = "https://github.com/interactord/LinkNavigator.git";
			requirement = {
				kind = upToNextMajorVersion;
				minimumVersion = 1.2.6;
			};
		};
		ECC8B6B12C54F0890064CF6A /* XCRemoteSwiftPackageReference "AnyCodable" */ = {
			isa = XCRemoteSwiftPackageReference;
			repositoryURL = "https://github.com/Flight-School/AnyCodable";
			requirement = {
				kind = upToNextMajorVersion;
				minimumVersion = 0.6.7;
			};
		};
		ECF871902B8BB7B9006D1027 /* XCRemoteSwiftPackageReference "otpview-swiftui" */ = {
			isa = XCRemoteSwiftPackageReference;
			repositoryURL = "https://github.com/mukeshsolanki/otpview-swiftui.git";
			requirement = {
				kind = upToNextMajorVersion;
				minimumVersion = 1.0.0;
			};
		};
/* End XCRemoteSwiftPackageReference section */

/* Begin XCSwiftPackageProductDependency section */
		EC0635B92C27455000ED7BFE /* UIPilot */ = {
			isa = XCSwiftPackageProductDependency;
			package = EC0635B82C27455000ED7BFE /* XCRemoteSwiftPackageReference "UIPilot" */;
			productName = UIPilot;
		};
		ECA1DB502C1E0FA400A8054C /* Appwrite */ = {
			isa = XCSwiftPackageProductDependency;
			package = ECA1DB4F2C1E0FA400A8054C /* XCRemoteSwiftPackageReference "sdk-for-apple" */;
			productName = Appwrite;
		};
		ECC8B66D2C516B270064CF6A /* LinkNavigator */ = {
			isa = XCSwiftPackageProductDependency;
			package = ECC8B66C2C516B270064CF6A /* XCRemoteSwiftPackageReference "LinkNavigator" */;
			productName = LinkNavigator;
		};
		ECC8B6B22C54F0890064CF6A /* AnyCodable */ = {
			isa = XCSwiftPackageProductDependency;
			package = ECC8B6B12C54F0890064CF6A /* XCRemoteSwiftPackageReference "AnyCodable" */;
			productName = AnyCodable;
		};
		ECF871912B8BB7B9006D1027 /* OTPView */ = {
			isa = XCSwiftPackageProductDependency;
			package = ECF871902B8BB7B9006D1027 /* XCRemoteSwiftPackageReference "otpview-swiftui" */;
			productName = OTPView;
		};
/* End XCSwiftPackageProductDependency section */

/* Begin XCVersionGroup section */
		EC9796392B85D594002EFDC0 /* InstantRecipeApp.xcdatamodeld */ = {
			isa = XCVersionGroup;
			children = (
				EC97963A2B85D594002EFDC0 /* InstantRecipeApp.xcdatamodel */,
			);
			currentVersion = EC97963A2B85D594002EFDC0 /* InstantRecipeApp.xcdatamodel */;
			path = InstantRecipeApp.xcdatamodeld;
			sourceTree = "<group>";
			versionGroupType = wrapper.xcdatamodel;
		};
/* End XCVersionGroup section */
	};
	rootObject = EC9796232B85D592002EFDC0 /* Project object */;
}
