{
  "pins" : [
    {
      "identity" : "otpview-swiftui",
      "kind" : "remoteSourceControl",
      "location" : "https://github.com/mukeshsolanki/otpview-swiftui.git",
      "state" : {
        "revision" : "a4b5e210ffce6ff5b7889c212939df25a3c24dd4",
        "version" : "1.0.0"
      }
    },
    {
      "identity" : "swiftui-sliders",
      "kind" : "remoteSourceControl",
      "location" : "git@github.com:spacenation/swiftui-sliders.git",
      "state" : {
        "revision" : "d5a7d856655d5c91f891c2b69d982c30fd5c7bdf",
        "version" : "2.1.0"
      }
    }
  ],
  "version" : 2
}
